// !$*UTF8*$!
{
	archiveVersion = 1;
	classes = {
	};
	objectVersion = 50;
	objects = {

/* Begin PBXBuildFile section */
		486FDCF02119ADBC00EA0188 /* Main.storyboard in Resources */ = {isa = PBXBuildFile; fileRef = 486FDCEE2119ADBC00EA0188 /* Main.storyboard */; };
		486FDCF82119ADBD00EA0188 /* LaunchScreen.storyboard in Resources */ = {isa = PBXBuildFile; fileRef = 486FDCF62119ADBD00EA0188 /* LaunchScreen.storyboard */; };
		486FDD462119AEF500EA0188 /* APIRequest.swift in Sources */ = {isa = PBXBuildFile; fileRef = 486FDD082119AEF400EA0188 /* APIRequest.swift */; };
		486FDD472119AEF500EA0188 /* ApplicationConfig.swift in Sources */ = {isa = PBXBuildFile; fileRef = 486FDD092119AEF400EA0188 /* ApplicationConfig.swift */; };
		486FDD482119AEF500EA0188 /* ApplicationConstants.swift in Sources */ = {isa = PBXBuildFile; fileRef = 486FDD0A2119AEF400EA0188 /* ApplicationConstants.swift */; };
		486FDD492119AEF500EA0188 /* ApplicationMessages.swift in Sources */ = {isa = PBXBuildFile; fileRef = 486FDD0B2119AEF400EA0188 /* ApplicationMessages.swift */; };
		486FDD4B2119AEF500EA0188 /* MILoader.swift in Sources */ = {isa = PBXBuildFile; fileRef = 486FDD102119AEF400EA0188 /* MILoader.swift */; };
		486FDD4C2119AEF500EA0188 /* MIPopUpOverlay.swift in Sources */ = {isa = PBXBuildFile; fileRef = 486FDD112119AEF400EA0188 /* MIPopUpOverlay.swift */; };
		486FDD4D2119AEF500EA0188 /* MIPopUpOverlay.xib in Resources */ = {isa = PBXBuildFile; fileRef = 486FDD122119AEF400EA0188 /* MIPopUpOverlay.xib */; };
		486FDD4E2119AEF500EA0188 /* MIToastAlert.swift in Sources */ = {isa = PBXBuildFile; fileRef = 486FDD132119AEF400EA0188 /* MIToastAlert.swift */; };
		486FDD4F2119AEF500EA0188 /* AutoLayout.swift in Sources */ = {isa = PBXBuildFile; fileRef = 486FDD152119AEF400EA0188 /* AutoLayout.swift */; };
		486FDD502119AEF500EA0188 /* CoreData.swift in Sources */ = {isa = PBXBuildFile; fileRef = 486FDD172119AEF400EA0188 /* CoreData.swift */; };
		486FDD512119AEF500EA0188 /* CoreDataContext+Extension.swift in Sources */ = {isa = PBXBuildFile; fileRef = 486FDD182119AEF400EA0188 /* CoreDataContext+Extension.swift */; };
		486FDD522119AEF500EA0188 /* CoreDataObject+Extension.swift in Sources */ = {isa = PBXBuildFile; fileRef = 486FDD192119AEF400EA0188 /* CoreDataObject+Extension.swift */; };
		486FDD532119AEF500EA0188 /* FetchResultController+Extension.swift in Sources */ = {isa = PBXBuildFile; fileRef = 486FDD1A2119AEF400EA0188 /* FetchResultController+Extension.swift */; };
		486FDD542119AEF500EA0188 /* ExetensionFloat.swift in Sources */ = {isa = PBXBuildFile; fileRef = 486FDD1C2119AEF400EA0188 /* ExetensionFloat.swift */; };
		486FDD552119AEF500EA0188 /* ExtensionArray.swift in Sources */ = {isa = PBXBuildFile; fileRef = 486FDD1D2119AEF400EA0188 /* ExtensionArray.swift */; };
		486FDD562119AEF500EA0188 /* ExtensionDate.swift in Sources */ = {isa = PBXBuildFile; fileRef = 486FDD1E2119AEF400EA0188 /* ExtensionDate.swift */; };
		486FDD572119AEF500EA0188 /* ExtensionDictionary.swift in Sources */ = {isa = PBXBuildFile; fileRef = 486FDD1F2119AEF400EA0188 /* ExtensionDictionary.swift */; };
		486FDD582119AEF500EA0188 /* ExtensionDouble.swift in Sources */ = {isa = PBXBuildFile; fileRef = 486FDD202119AEF400EA0188 /* ExtensionDouble.swift */; };
		486FDD592119AEF500EA0188 /* ExtensionInt.swift in Sources */ = {isa = PBXBuildFile; fileRef = 486FDD212119AEF400EA0188 /* ExtensionInt.swift */; };
		486FDD5A2119AEF500EA0188 /* ExtensionNSObject.swift in Sources */ = {isa = PBXBuildFile; fileRef = 486FDD222119AEF400EA0188 /* ExtensionNSObject.swift */; };
		486FDD5B2119AEF500EA0188 /* ExtensionString.swift in Sources */ = {isa = PBXBuildFile; fileRef = 486FDD232119AEF400EA0188 /* ExtensionString.swift */; };
		486FDD5C2119AEF500EA0188 /* ExtensionUIApplication.swift in Sources */ = {isa = PBXBuildFile; fileRef = 486FDD242119AEF400EA0188 /* ExtensionUIApplication.swift */; };
		486FDD5D2119AEF500EA0188 /* ExtensionUIBarButtonItem.swift in Sources */ = {isa = PBXBuildFile; fileRef = 486FDD252119AEF400EA0188 /* ExtensionUIBarButtonItem.swift */; };
		486FDD5E2119AEF500EA0188 /* ExtensionUIButton.swift in Sources */ = {isa = PBXBuildFile; fileRef = 486FDD262119AEF400EA0188 /* ExtensionUIButton.swift */; };
		486FDD5F2119AEF500EA0188 /* ExtensionUIColor.swift in Sources */ = {isa = PBXBuildFile; fileRef = 486FDD272119AEF400EA0188 /* ExtensionUIColor.swift */; };
		486FDD602119AEF500EA0188 /* ExtensionUIImage.swift in Sources */ = {isa = PBXBuildFile; fileRef = 486FDD282119AEF400EA0188 /* ExtensionUIImage.swift */; };
		486FDD612119AEF500EA0188 /* ExtensionUIImageView.swift in Sources */ = {isa = PBXBuildFile; fileRef = 486FDD292119AEF400EA0188 /* ExtensionUIImageView.swift */; };
		486FDD622119AEF500EA0188 /* ExtensionUINavigationController.swift in Sources */ = {isa = PBXBuildFile; fileRef = 486FDD2A2119AEF400EA0188 /* ExtensionUINavigationController.swift */; };
		486FDD632119AEF500EA0188 /* ExtensionUIResponder.swift in Sources */ = {isa = PBXBuildFile; fileRef = 486FDD2B2119AEF400EA0188 /* ExtensionUIResponder.swift */; };
		486FDD642119AEF500EA0188 /* ExtensionUITextField.swift in Sources */ = {isa = PBXBuildFile; fileRef = 486FDD2C2119AEF400EA0188 /* ExtensionUITextField.swift */; };
		486FDD652119AEF500EA0188 /* ExtensionUITextView.swift in Sources */ = {isa = PBXBuildFile; fileRef = 486FDD2D2119AEF400EA0188 /* ExtensionUITextView.swift */; };
		486FDD662119AEF500EA0188 /* ExtensionUIView.swift in Sources */ = {isa = PBXBuildFile; fileRef = 486FDD2E2119AEF400EA0188 /* ExtensionUIView.swift */; };
		486FDD672119AEF500EA0188 /* ExtensionUIViewController.swift in Sources */ = {isa = PBXBuildFile; fileRef = 486FDD2F2119AEF400EA0188 /* ExtensionUIViewController.swift */; };
		486FDD682119AEF500EA0188 /* ExtensionURL.swift in Sources */ = {isa = PBXBuildFile; fileRef = 486FDD302119AEF400EA0188 /* ExtensionURL.swift */; };
		486FDD692119AEF500EA0188 /* MIKeyboardManager.swift in Sources */ = {isa = PBXBuildFile; fileRef = 486FDD312119AEF400EA0188 /* MIKeyboardManager.swift */; };
		486FDD6A2119AEF500EA0188 /* Localization.swift in Sources */ = {isa = PBXBuildFile; fileRef = 486FDD332119AEF400EA0188 /* Localization.swift */; };
		486FDD6B2119AEF500EA0188 /* MasterConstant.swift in Sources */ = {isa = PBXBuildFile; fileRef = 486FDD342119AEF400EA0188 /* MasterConstant.swift */; };
		486FDD6C2119AEF500EA0188 /* TheBayaApp.xcdatamodeld in Sources */ = {isa = PBXBuildFile; fileRef = 486FDD362119AEF400EA0188 /* TheBayaApp.xcdatamodeld */; };
		486FDD6D2119AEF500EA0188 /* SwiftyJSON.swift in Sources */ = {isa = PBXBuildFile; fileRef = 486FDD3A2119AEF400EA0188 /* SwiftyJSON.swift */; };
		486FDD6E2119AEF500EA0188 /* AppDelegate.swift in Sources */ = {isa = PBXBuildFile; fileRef = 486FDD3C2119AEF400EA0188 /* AppDelegate.swift */; };
		486FDD6F2119AEF500EA0188 /* Assets.xcassets in Resources */ = {isa = PBXBuildFile; fileRef = 486FDD3D2119AEF400EA0188 /* Assets.xcassets */; };
		486FDD702119AEF500EA0188 /* Info.plist in Resources */ = {isa = PBXBuildFile; fileRef = 486FDD3E2119AEF400EA0188 /* Info.plist */; };
		487E4E63211C4CD8000CB32F /* AvenirLTStd-Black.otf in Resources */ = {isa = PBXBuildFile; fileRef = 487E4E58211C4CD8000CB32F /* AvenirLTStd-Black.otf */; };
		487E4E64211C4CD8000CB32F /* AvenirLTStd-BlackOblique.otf in Resources */ = {isa = PBXBuildFile; fileRef = 487E4E59211C4CD8000CB32F /* AvenirLTStd-BlackOblique.otf */; };
		487E4E65211C4CD8000CB32F /* AvenirLTStd-Book.otf in Resources */ = {isa = PBXBuildFile; fileRef = 487E4E5A211C4CD8000CB32F /* AvenirLTStd-Book.otf */; };
		487E4E66211C4CD8000CB32F /* AvenirLTStd-BookOblique.otf in Resources */ = {isa = PBXBuildFile; fileRef = 487E4E5B211C4CD8000CB32F /* AvenirLTStd-BookOblique.otf */; };
		487E4E67211C4CD8000CB32F /* AvenirLTStd-Heavy.otf in Resources */ = {isa = PBXBuildFile; fileRef = 487E4E5C211C4CD8000CB32F /* AvenirLTStd-Heavy.otf */; };
		487E4E68211C4CD8000CB32F /* AvenirLTStd-HeavyOblique.otf in Resources */ = {isa = PBXBuildFile; fileRef = 487E4E5D211C4CD8000CB32F /* AvenirLTStd-HeavyOblique.otf */; };
		487E4E69211C4CD8000CB32F /* AvenirLTStd-Light.otf in Resources */ = {isa = PBXBuildFile; fileRef = 487E4E5E211C4CD8000CB32F /* AvenirLTStd-Light.otf */; };
		487E4E6A211C4CD8000CB32F /* AvenirLTStd-LightOblique.otf in Resources */ = {isa = PBXBuildFile; fileRef = 487E4E5F211C4CD8000CB32F /* AvenirLTStd-LightOblique.otf */; };
		487E4E6B211C4CD8000CB32F /* AvenirLTStd-Medium.otf in Resources */ = {isa = PBXBuildFile; fileRef = 487E4E60211C4CD8000CB32F /* AvenirLTStd-Medium.otf */; };
		487E4E6C211C4CD8000CB32F /* AvenirLTStd-MediumOblique.otf in Resources */ = {isa = PBXBuildFile; fileRef = 487E4E61211C4CD8000CB32F /* AvenirLTStd-MediumOblique.otf */; };
		487E4E6D211C4CD8000CB32F /* AvenirLTStd-Roman.otf in Resources */ = {isa = PBXBuildFile; fileRef = 487E4E62211C4CD8000CB32F /* AvenirLTStd-Roman.otf */; };
		489A5F6C212293AA00080739 /* bg.jpg in Resources */ = {isa = PBXBuildFile; fileRef = 489A5F68212293AA00080739 /* bg.jpg */; };
		489A5F6D212293AA00080739 /* bg_ipad.jpg in Resources */ = {isa = PBXBuildFile; fileRef = 489A5F69212293AA00080739 /* bg_ipad.jpg */; };
		489A5F6E212293AA00080739 /* login_bg.jpg in Resources */ = {isa = PBXBuildFile; fileRef = 489A5F6A212293AA00080739 /* login_bg.jpg */; };
		489A5F6F212293AA00080739 /* login_bg_ipad.jpg in Resources */ = {isa = PBXBuildFile; fileRef = 489A5F6B212293AA00080739 /* login_bg_ipad.jpg */; };
		5C14CA7F211C049100B06E29 /* ForgotPwdViewController.swift in Sources */ = {isa = PBXBuildFile; fileRef = 5C14CA7E211C049100B06E29 /* ForgotPwdViewController.swift */; };
		5C14CA81211C079800B06E29 /* ResetPwdViewController.swift in Sources */ = {isa = PBXBuildFile; fileRef = 5C14CA80211C079800B06E29 /* ResetPwdViewController.swift */; };
		5C14CA83211C48D300B06E29 /* Setting.storyboard in Resources */ = {isa = PBXBuildFile; fileRef = 5C14CA82211C48D300B06E29 /* Setting.storyboard */; };
		5C14CA86211C7A7700B06E29 /* TabBarView.swift in Sources */ = {isa = PBXBuildFile; fileRef = 5C14CA85211C7A7700B06E29 /* TabBarView.swift */; };
		5C14CA88211C7A8000B06E29 /* TabBarView.xib in Resources */ = {isa = PBXBuildFile; fileRef = 5C14CA87211C7A8000B06E29 /* TabBarView.xib */; };
		5C14CA8A211C7A9B00B06E29 /* TabbarViewController.swift in Sources */ = {isa = PBXBuildFile; fileRef = 5C14CA89211C7A9B00B06E29 /* TabbarViewController.swift */; };
		5C189C0C21253911001B72C5 /* FloatRatingView.swift in Sources */ = {isa = PBXBuildFile; fileRef = 5C189C0B21253911001B72C5 /* FloatRatingView.swift */; };
		5C1E614721229D210090308D /* ScheduleVisitViewController.swift in Sources */ = {isa = PBXBuildFile; fileRef = 5C1E614621229D210090308D /* ScheduleVisitViewController.swift */; };
		5C1E61492122BBD00090308D /* NotificationViewController.swift in Sources */ = {isa = PBXBuildFile; fileRef = 5C1E61482122BBD00090308D /* NotificationViewController.swift */; };
		5C1E614C2122BCFE0090308D /* MIGenericPageControlView.swift in Sources */ = {isa = PBXBuildFile; fileRef = 5C1E614B2122BCFE0090308D /* MIGenericPageControlView.swift */; };
		5C1E614E2122C22C0090308D /* NotificationTblCell.swift in Sources */ = {isa = PBXBuildFile; fileRef = 5C1E614D2122C22C0090308D /* NotificationTblCell.swift */; };
		5C1E61512122D7A80090308D /* SettingViewController.swift in Sources */ = {isa = PBXBuildFile; fileRef = 5C1E61502122D7A70090308D /* SettingViewController.swift */; };
		5C1E61532122D9D50090308D /* SettingTblCell.swift in Sources */ = {isa = PBXBuildFile; fileRef = 5C1E61522122D9D40090308D /* SettingTblCell.swift */; };
		5C1E61552122DCAA0090308D /* Setting_ipad.storyboard in Resources */ = {isa = PBXBuildFile; fileRef = 5C1E61542122DCAA0090308D /* Setting_ipad.storyboard */; };
		5C1E61572122DED20090308D /* ChangePasswordViewController.swift in Sources */ = {isa = PBXBuildFile; fileRef = 5C1E61562122DED10090308D /* ChangePasswordViewController.swift */; };
		5C1E61592122E59F0090308D /* EditProfileViewController.swift in Sources */ = {isa = PBXBuildFile; fileRef = 5C1E61582122E59F0090308D /* EditProfileViewController.swift */; };
		5C1E615B2122EC8B0090308D /* SupportViewController.swift in Sources */ = {isa = PBXBuildFile; fileRef = 5C1E615A2122EC8B0090308D /* SupportViewController.swift */; };
		5C1E615D2122EE6C0090308D /* CMSViewController.swift in Sources */ = {isa = PBXBuildFile; fileRef = 5C1E615C2122EE6C0090308D /* CMSViewController.swift */; };
		5C1E61602122F3400090308D /* Profile.storyboard in Resources */ = {isa = PBXBuildFile; fileRef = 5C1E615F2122F3400090308D /* Profile.storyboard */; };
		5C1E61622122F3C10090308D /* ProfileViewController.swift in Sources */ = {isa = PBXBuildFile; fileRef = 5C1E61612122F3C10090308D /* ProfileViewController.swift */; };
		5C1E61642122F7C40090308D /* ProfileTblCell.swift in Sources */ = {isa = PBXBuildFile; fileRef = 5C1E61632122F7C40090308D /* ProfileTblCell.swift */; };
		5C1E61662123054C0090308D /* SubscribedProjectViewController.swift in Sources */ = {isa = PBXBuildFile; fileRef = 5C1E61652123054C0090308D /* SubscribedProjectViewController.swift */; };
		5C1E61682123068B0090308D /* SubscribedTblCell.swift in Sources */ = {isa = PBXBuildFile; fileRef = 5C1E61672123068B0090308D /* SubscribedTblCell.swift */; };
		5C1E616A21230EEC0090308D /* VisitDetailsViewController.swift in Sources */ = {isa = PBXBuildFile; fileRef = 5C1E616921230EEC0090308D /* VisitDetailsViewController.swift */; };
		5C1E616C212312920090308D /* VisitDetailTblCell.swift in Sources */ = {isa = PBXBuildFile; fileRef = 5C1E616B212312920090308D /* VisitDetailTblCell.swift */; };
		5C42C8C7211AB5AC00907DBB /* LRF_ipad.storyboard in Resources */ = {isa = PBXBuildFile; fileRef = 5C42C8C6211AB5AC00907DBB /* LRF_ipad.storyboard */; };
		5C42C8CE211AC53500907DBB /* ParentViewController.swift in Sources */ = {isa = PBXBuildFile; fileRef = 5C42C8CD211AC53500907DBB /* ParentViewController.swift */; };
		5C42C8D0211ACD6E00907DBB /* SignUpViewController.swift in Sources */ = {isa = PBXBuildFile; fileRef = 5C42C8CF211ACD6E00907DBB /* SignUpViewController.swift */; };
		5C475D72212AD6CC00125A19 /* spherical.jpg in Resources */ = {isa = PBXBuildFile; fileRef = 5C475D71212AD6C900125A19 /* spherical.jpg */; };
		5C475D7A212ADFA800125A19 /* Zoom3DImageViewController.swift in Sources */ = {isa = PBXBuildFile; fileRef = 5C475D79212ADFA800125A19 /* Zoom3DImageViewController.swift */; };
		5C48FB63212851B000B0D6CB /* SeeAllAmenitiesViewController.swift in Sources */ = {isa = PBXBuildFile; fileRef = 5C48FB62212851B000B0D6CB /* SeeAllAmenitiesViewController.swift */; };
		5C48FB652128585800B0D6CB /* SellAllLocationTblCell.swift in Sources */ = {isa = PBXBuildFile; fileRef = 5C48FB642128585800B0D6CB /* SellAllLocationTblCell.swift */; };
		5C48FB672128588D00B0D6CB /* SeeAllLocationAdvantagesViewController.swift in Sources */ = {isa = PBXBuildFile; fileRef = 5C48FB662128588D00B0D6CB /* SeeAllLocationAdvantagesViewController.swift */; };
		5C4DC5372127E43200C69ACF /* RateYoorVisitViewController.swift in Sources */ = {isa = PBXBuildFile; fileRef = 5C4DC5362127E43200C69ACF /* RateYoorVisitViewController.swift */; };
		5C4DC5392127EC1F00C69ACF /* TutorialCollCell.swift in Sources */ = {isa = PBXBuildFile; fileRef = 5C4DC5382127EC1F00C69ACF /* TutorialCollCell.swift */; };
		5C4DC53B2127EC3500C69ACF /* TutorialViewController.swift in Sources */ = {isa = PBXBuildFile; fileRef = 5C4DC53A2127EC3500C69ACF /* TutorialViewController.swift */; };
		5C4DC53D2127F79200C69ACF /* ExtensionUITableView.swift in Sources */ = {isa = PBXBuildFile; fileRef = 5C4DC53C2127F79200C69ACF /* ExtensionUITableView.swift */; };
		5C73A13F211B26320056FC65 /* VerificationViewController.swift in Sources */ = {isa = PBXBuildFile; fileRef = 5C73A13E211B26320056FC65 /* VerificationViewController.swift */; };
		5C8D5B7C212582030080193A /* ProjectDetailViewController.swift in Sources */ = {isa = PBXBuildFile; fileRef = 5C8D5B7B212582030080193A /* ProjectDetailViewController.swift */; };
		5C8D5B83212586B00080193A /* img6.jpeg in Resources */ = {isa = PBXBuildFile; fileRef = 5C8D5B7D212586AF0080193A /* img6.jpeg */; };
		5C8D5B84212586B00080193A /* img5.jpeg in Resources */ = {isa = PBXBuildFile; fileRef = 5C8D5B7E212586AF0080193A /* img5.jpeg */; };
		5C8D5B85212586B00080193A /* img8.jpeg in Resources */ = {isa = PBXBuildFile; fileRef = 5C8D5B7F212586B00080193A /* img8.jpeg */; };
		5C8D5B86212586B00080193A /* img9.jpeg in Resources */ = {isa = PBXBuildFile; fileRef = 5C8D5B80212586B00080193A /* img9.jpeg */; };
		5C8D5B87212586B00080193A /* img10.jpeg in Resources */ = {isa = PBXBuildFile; fileRef = 5C8D5B81212586B00080193A /* img10.jpeg */; };
		5C8D5B88212586B00080193A /* img7.jpeg in Resources */ = {isa = PBXBuildFile; fileRef = 5C8D5B82212586B00080193A /* img7.jpeg */; };
		5C8D5B8A21258A8D0080193A /* LocationAdvantagesCollCell.swift in Sources */ = {isa = PBXBuildFile; fileRef = 5C8D5B8921258A8D0080193A /* LocationAdvantagesCollCell.swift */; };
		5C8D5B8C21258AA90080193A /* PlanTypeCollCell.swift in Sources */ = {isa = PBXBuildFile; fileRef = 5C8D5B8B21258AA90080193A /* PlanTypeCollCell.swift */; };
		5C8D5B8E21258AC60080193A /* FloorPlansImgCollCell.swift in Sources */ = {isa = PBXBuildFile; fileRef = 5C8D5B8D21258AC60080193A /* FloorPlansImgCollCell.swift */; };
		5C8D5B9021258ADC0080193A /* OverViewCollCell.swift in Sources */ = {isa = PBXBuildFile; fileRef = 5C8D5B8F21258ADC0080193A /* OverViewCollCell.swift */; };
		5C8D5B9221258AFA0080193A /* AmmenitiesCollCell.swift in Sources */ = {isa = PBXBuildFile; fileRef = 5C8D5B9121258AFA0080193A /* AmmenitiesCollCell.swift */; };
		5C8D5B9421258B190080193A /* SpecificationTblCell.swift in Sources */ = {isa = PBXBuildFile; fileRef = 5C8D5B9321258B190080193A /* SpecificationTblCell.swift */; };
		5C8D5B9621258B380080193A /* ConfigurationTblCell.swift in Sources */ = {isa = PBXBuildFile; fileRef = 5C8D5B9521258B380080193A /* ConfigurationTblCell.swift */; };
		5C8D5B982125941C0080193A /* LocationDescTblCell.swift in Sources */ = {isa = PBXBuildFile; fileRef = 5C8D5B972125941C0080193A /* LocationDescTblCell.swift */; };
		5CD763F9211D51EA00C267AB /* HomeViewController.swift in Sources */ = {isa = PBXBuildFile; fileRef = 5CD763F8211D51EA00C267AB /* HomeViewController.swift */; };
		5CD763FB211D62B200C267AB /* HomeCollCell.swift in Sources */ = {isa = PBXBuildFile; fileRef = 5CD763FA211D62B200C267AB /* HomeCollCell.swift */; };
		5CD763FD211DB8F700C267AB /* MIGenericProgressView.swift in Sources */ = {isa = PBXBuildFile; fileRef = 5CD763FC211DB8F700C267AB /* MIGenericProgressView.swift */; };
		5CD763FF211DBF5700C267AB /* TimelineDetailViewController.swift in Sources */ = {isa = PBXBuildFile; fileRef = 5CD763FE211DBF5700C267AB /* TimelineDetailViewController.swift */; };
		5CD76401211DC07E00C267AB /* ProjectViewController.swift in Sources */ = {isa = PBXBuildFile; fileRef = 5CD76400211DC07E00C267AB /* ProjectViewController.swift */; };
		5CD76410211DC33D00C267AB /* img1.jpeg in Resources */ = {isa = PBXBuildFile; fileRef = 5CD7640C211DC33B00C267AB /* img1.jpeg */; };
		5CD76411211DC33D00C267AB /* img4.jpeg in Resources */ = {isa = PBXBuildFile; fileRef = 5CD7640D211DC33B00C267AB /* img4.jpeg */; };
		5CD76412211DC33D00C267AB /* img3.jpeg in Resources */ = {isa = PBXBuildFile; fileRef = 5CD7640E211DC33C00C267AB /* img3.jpeg */; };
		5CD76413211DC33D00C267AB /* img2.jpeg in Resources */ = {isa = PBXBuildFile; fileRef = 5CD7640F211DC33D00C267AB /* img2.jpeg */; };
		5CD76415211DC6F900C267AB /* ProjectTblCell.swift in Sources */ = {isa = PBXBuildFile; fileRef = 5CD76414211DC6F900C267AB /* ProjectTblCell.swift */; };
		5CDE13F02119B67E00B11AA5 /* LRF.storyboard in Resources */ = {isa = PBXBuildFile; fileRef = 5CDE13EF2119B67E00B11AA5 /* LRF.storyboard */; };
		5CDE13F62119B7BE00B11AA5 /* MIGenericButton.swift in Sources */ = {isa = PBXBuildFile; fileRef = 5CDE13F12119B7BD00B11AA5 /* MIGenericButton.swift */; };
		5CDE13F72119B7BE00B11AA5 /* MIGenericView.swift in Sources */ = {isa = PBXBuildFile; fileRef = 5CDE13F22119B7BD00B11AA5 /* MIGenericView.swift */; };
		5CDE13F82119B7BE00B11AA5 /* MIGenericTextField.swift in Sources */ = {isa = PBXBuildFile; fileRef = 5CDE13F32119B7BD00B11AA5 /* MIGenericTextField.swift */; };
		5CDE13F92119B7BE00B11AA5 /* MIGenericLabel.swift in Sources */ = {isa = PBXBuildFile; fileRef = 5CDE13F42119B7BE00B11AA5 /* MIGenericLabel.swift */; };
		5CDE13FA2119B7BE00B11AA5 /* MIGenericTextView.swift in Sources */ = {isa = PBXBuildFile; fileRef = 5CDE13F52119B7BE00B11AA5 /* MIGenericTextView.swift */; };
		5CDE13FC2119B89A00B11AA5 /* ExtensionUIFont.swift in Sources */ = {isa = PBXBuildFile; fileRef = 5CDE13FB2119B89900B11AA5 /* ExtensionUIFont.swift */; };
		5CDE14162119BFBD00B11AA5 /* LoginViewController.swift in Sources */ = {isa = PBXBuildFile; fileRef = 5CDE14152119BFBD00B11AA5 /* LoginViewController.swift */; };
		5CDE141C2119C7C400B11AA5 /* MIInputControllerValidation.swift in Sources */ = {isa = PBXBuildFile; fileRef = 5CDE141B2119C7C400B11AA5 /* MIInputControllerValidation.swift */; };
		5CEE6A4B212D8A1B0066017A /* TimelineImgZoomViewController_ipad.swift in Sources */ = {isa = PBXBuildFile; fileRef = 5CEE6A4A212D8A1B0066017A /* TimelineImgZoomViewController_ipad.swift */; };
		5CEE6A4D212D8AFF0066017A /* TimeLineZoomImgCollCell_ipad.swift in Sources */ = {isa = PBXBuildFile; fileRef = 5CEE6A4C212D8AFF0066017A /* TimeLineZoomImgCollCell_ipad.swift */; };
		5CF34B9F212D494E001901B1 /* TimeLineUpdateTblCell_ipad.swift in Sources */ = {isa = PBXBuildFile; fileRef = 5CF34B9E212D494E001901B1 /* TimeLineUpdateTblCell_ipad.swift */; };
		5CF34BA3212D60C2001901B1 /* TimeLineUpdateTextTblCell_ipad.swift in Sources */ = {isa = PBXBuildFile; fileRef = 5CF34BA2212D60C2001901B1 /* TimeLineUpdateTextTblCell_ipad.swift */; };
		5CF34BA5212D6B85001901B1 /* TimeLineUpdateUrlTblCell_ipad.swift in Sources */ = {isa = PBXBuildFile; fileRef = 5CF34BA4212D6B85001901B1 /* TimeLineUpdateUrlTblCell_ipad.swift */; };
		5CF50BA821215EEB002FDAB8 /* SubscribedProjectCollCell.swift in Sources */ = {isa = PBXBuildFile; fileRef = 5CF50BA721215EEB002FDAB8 /* SubscribedProjectCollCell.swift */; };
		5CF50BAA21218244002FDAB8 /* TimeLineUpdateTblCell.swift in Sources */ = {isa = PBXBuildFile; fileRef = 5CF50BA921218244002FDAB8 /* TimeLineUpdateTblCell.swift */; };
		5CF50BAC212182AC002FDAB8 /* TimeLineImgCollCell.swift in Sources */ = {isa = PBXBuildFile; fileRef = 5CF50BAB212182AC002FDAB8 /* TimeLineImgCollCell.swift */; };
		5CF50BB02121B019002FDAB8 /* FilterView.swift in Sources */ = {isa = PBXBuildFile; fileRef = 5CF50BAF2121B019002FDAB8 /* FilterView.swift */; };
		5CF50BB22121B024002FDAB8 /* FilterView.xib in Resources */ = {isa = PBXBuildFile; fileRef = 5CF50BB12121B024002FDAB8 /* FilterView.xib */; };
		5CFCAAA7212BF00B00717C10 /* TimeLineSubscribeTblCell.swift in Sources */ = {isa = PBXBuildFile; fileRef = 5CFCAAA6212BF00B00717C10 /* TimeLineSubscribeTblCell.swift */; };
		5CFCAAA9212C145500717C10 /* ProjectImageCollCell.swift in Sources */ = {isa = PBXBuildFile; fileRef = 5CFCAAA8212C145500717C10 /* ProjectImageCollCell.swift */; };
		5CFCAAAD212C1DC900717C10 /* TabBarView_ipad.xib in Resources */ = {isa = PBXBuildFile; fileRef = 5CFCAAAC212C1DC900717C10 /* TabBarView_ipad.xib */; };
		5CFCAAAF212C24C500717C10 /* Main_ipad.storyboard in Resources */ = {isa = PBXBuildFile; fileRef = 5CFCAAAE212C24C500717C10 /* Main_ipad.storyboard */; };
		E45FB1563DC0DB8A3F96B701 /* Pods_TheBayaApp.framework in Frameworks */ = {isa = PBXBuildFile; fileRef = 775C24B430F439213956B3D8 /* Pods_TheBayaApp.framework */; };
/* End PBXBuildFile section */

/* Begin PBXFileReference section */
		45DA2FFAD3BD2F8FB55C31C8 /* Pods-TheBayaApp.debug.xcconfig */ = {isa = PBXFileReference; includeInIndex = 1; lastKnownFileType = text.xcconfig; name = "Pods-TheBayaApp.debug.xcconfig"; path = "Pods/Target Support Files/Pods-TheBayaApp/Pods-TheBayaApp.debug.xcconfig"; sourceTree = "<group>"; };
		486FDCE72119ADBC00EA0188 /* TheBayaApp.app */ = {isa = PBXFileReference; explicitFileType = wrapper.application; includeInIndex = 0; path = TheBayaApp.app; sourceTree = BUILT_PRODUCTS_DIR; };
		486FDCEF2119ADBC00EA0188 /* Base */ = {isa = PBXFileReference; lastKnownFileType = file.storyboard; name = Base; path = Base.lproj/Main.storyboard; sourceTree = "<group>"; };
		486FDCF72119ADBD00EA0188 /* Base */ = {isa = PBXFileReference; lastKnownFileType = file.storyboard; name = Base; path = Base.lproj/LaunchScreen.storyboard; sourceTree = "<group>"; };
		486FDD082119AEF400EA0188 /* APIRequest.swift */ = {isa = PBXFileReference; fileEncoding = 4; lastKnownFileType = sourcecode.swift; path = APIRequest.swift; sourceTree = "<group>"; };
		486FDD092119AEF400EA0188 /* ApplicationConfig.swift */ = {isa = PBXFileReference; fileEncoding = 4; lastKnownFileType = sourcecode.swift; path = ApplicationConfig.swift; sourceTree = "<group>"; };
		486FDD0A2119AEF400EA0188 /* ApplicationConstants.swift */ = {isa = PBXFileReference; fileEncoding = 4; lastKnownFileType = sourcecode.swift; path = ApplicationConstants.swift; sourceTree = "<group>"; };
		486FDD0B2119AEF400EA0188 /* ApplicationMessages.swift */ = {isa = PBXFileReference; fileEncoding = 4; lastKnownFileType = sourcecode.swift; path = ApplicationMessages.swift; sourceTree = "<group>"; };
		486FDD102119AEF400EA0188 /* MILoader.swift */ = {isa = PBXFileReference; fileEncoding = 4; lastKnownFileType = sourcecode.swift; path = MILoader.swift; sourceTree = "<group>"; };
		486FDD112119AEF400EA0188 /* MIPopUpOverlay.swift */ = {isa = PBXFileReference; fileEncoding = 4; lastKnownFileType = sourcecode.swift; path = MIPopUpOverlay.swift; sourceTree = "<group>"; };
		486FDD122119AEF400EA0188 /* MIPopUpOverlay.xib */ = {isa = PBXFileReference; fileEncoding = 4; lastKnownFileType = file.xib; path = MIPopUpOverlay.xib; sourceTree = "<group>"; };
		486FDD132119AEF400EA0188 /* MIToastAlert.swift */ = {isa = PBXFileReference; fileEncoding = 4; lastKnownFileType = sourcecode.swift; path = MIToastAlert.swift; sourceTree = "<group>"; };
		486FDD152119AEF400EA0188 /* AutoLayout.swift */ = {isa = PBXFileReference; fileEncoding = 4; lastKnownFileType = sourcecode.swift; path = AutoLayout.swift; sourceTree = "<group>"; };
		486FDD172119AEF400EA0188 /* CoreData.swift */ = {isa = PBXFileReference; fileEncoding = 4; lastKnownFileType = sourcecode.swift; path = CoreData.swift; sourceTree = "<group>"; };
		486FDD182119AEF400EA0188 /* CoreDataContext+Extension.swift */ = {isa = PBXFileReference; fileEncoding = 4; lastKnownFileType = sourcecode.swift; path = "CoreDataContext+Extension.swift"; sourceTree = "<group>"; };
		486FDD192119AEF400EA0188 /* CoreDataObject+Extension.swift */ = {isa = PBXFileReference; fileEncoding = 4; lastKnownFileType = sourcecode.swift; path = "CoreDataObject+Extension.swift"; sourceTree = "<group>"; };
		486FDD1A2119AEF400EA0188 /* FetchResultController+Extension.swift */ = {isa = PBXFileReference; fileEncoding = 4; lastKnownFileType = sourcecode.swift; path = "FetchResultController+Extension.swift"; sourceTree = "<group>"; };
		486FDD1C2119AEF400EA0188 /* ExetensionFloat.swift */ = {isa = PBXFileReference; fileEncoding = 4; lastKnownFileType = sourcecode.swift; path = ExetensionFloat.swift; sourceTree = "<group>"; };
		486FDD1D2119AEF400EA0188 /* ExtensionArray.swift */ = {isa = PBXFileReference; fileEncoding = 4; lastKnownFileType = sourcecode.swift; path = ExtensionArray.swift; sourceTree = "<group>"; };
		486FDD1E2119AEF400EA0188 /* ExtensionDate.swift */ = {isa = PBXFileReference; fileEncoding = 4; lastKnownFileType = sourcecode.swift; path = ExtensionDate.swift; sourceTree = "<group>"; };
		486FDD1F2119AEF400EA0188 /* ExtensionDictionary.swift */ = {isa = PBXFileReference; fileEncoding = 4; lastKnownFileType = sourcecode.swift; path = ExtensionDictionary.swift; sourceTree = "<group>"; };
		486FDD202119AEF400EA0188 /* ExtensionDouble.swift */ = {isa = PBXFileReference; fileEncoding = 4; lastKnownFileType = sourcecode.swift; path = ExtensionDouble.swift; sourceTree = "<group>"; };
		486FDD212119AEF400EA0188 /* ExtensionInt.swift */ = {isa = PBXFileReference; fileEncoding = 4; lastKnownFileType = sourcecode.swift; path = ExtensionInt.swift; sourceTree = "<group>"; };
		486FDD222119AEF400EA0188 /* ExtensionNSObject.swift */ = {isa = PBXFileReference; fileEncoding = 4; lastKnownFileType = sourcecode.swift; path = ExtensionNSObject.swift; sourceTree = "<group>"; };
		486FDD232119AEF400EA0188 /* ExtensionString.swift */ = {isa = PBXFileReference; fileEncoding = 4; lastKnownFileType = sourcecode.swift; path = ExtensionString.swift; sourceTree = "<group>"; };
		486FDD242119AEF400EA0188 /* ExtensionUIApplication.swift */ = {isa = PBXFileReference; fileEncoding = 4; lastKnownFileType = sourcecode.swift; path = ExtensionUIApplication.swift; sourceTree = "<group>"; };
		486FDD252119AEF400EA0188 /* ExtensionUIBarButtonItem.swift */ = {isa = PBXFileReference; fileEncoding = 4; lastKnownFileType = sourcecode.swift; path = ExtensionUIBarButtonItem.swift; sourceTree = "<group>"; };
		486FDD262119AEF400EA0188 /* ExtensionUIButton.swift */ = {isa = PBXFileReference; fileEncoding = 4; lastKnownFileType = sourcecode.swift; path = ExtensionUIButton.swift; sourceTree = "<group>"; };
		486FDD272119AEF400EA0188 /* ExtensionUIColor.swift */ = {isa = PBXFileReference; fileEncoding = 4; lastKnownFileType = sourcecode.swift; path = ExtensionUIColor.swift; sourceTree = "<group>"; };
		486FDD282119AEF400EA0188 /* ExtensionUIImage.swift */ = {isa = PBXFileReference; fileEncoding = 4; lastKnownFileType = sourcecode.swift; path = ExtensionUIImage.swift; sourceTree = "<group>"; };
		486FDD292119AEF400EA0188 /* ExtensionUIImageView.swift */ = {isa = PBXFileReference; fileEncoding = 4; lastKnownFileType = sourcecode.swift; path = ExtensionUIImageView.swift; sourceTree = "<group>"; };
		486FDD2A2119AEF400EA0188 /* ExtensionUINavigationController.swift */ = {isa = PBXFileReference; fileEncoding = 4; lastKnownFileType = sourcecode.swift; path = ExtensionUINavigationController.swift; sourceTree = "<group>"; };
		486FDD2B2119AEF400EA0188 /* ExtensionUIResponder.swift */ = {isa = PBXFileReference; fileEncoding = 4; lastKnownFileType = sourcecode.swift; path = ExtensionUIResponder.swift; sourceTree = "<group>"; };
		486FDD2C2119AEF400EA0188 /* ExtensionUITextField.swift */ = {isa = PBXFileReference; fileEncoding = 4; lastKnownFileType = sourcecode.swift; path = ExtensionUITextField.swift; sourceTree = "<group>"; };
		486FDD2D2119AEF400EA0188 /* ExtensionUITextView.swift */ = {isa = PBXFileReference; fileEncoding = 4; lastKnownFileType = sourcecode.swift; path = ExtensionUITextView.swift; sourceTree = "<group>"; };
		486FDD2E2119AEF400EA0188 /* ExtensionUIView.swift */ = {isa = PBXFileReference; fileEncoding = 4; lastKnownFileType = sourcecode.swift; path = ExtensionUIView.swift; sourceTree = "<group>"; };
		486FDD2F2119AEF400EA0188 /* ExtensionUIViewController.swift */ = {isa = PBXFileReference; fileEncoding = 4; lastKnownFileType = sourcecode.swift; path = ExtensionUIViewController.swift; sourceTree = "<group>"; };
		486FDD302119AEF400EA0188 /* ExtensionURL.swift */ = {isa = PBXFileReference; fileEncoding = 4; lastKnownFileType = sourcecode.swift; path = ExtensionURL.swift; sourceTree = "<group>"; };
		486FDD312119AEF400EA0188 /* MIKeyboardManager.swift */ = {isa = PBXFileReference; fileEncoding = 4; lastKnownFileType = sourcecode.swift; path = MIKeyboardManager.swift; sourceTree = "<group>"; };
		486FDD332119AEF400EA0188 /* Localization.swift */ = {isa = PBXFileReference; fileEncoding = 4; lastKnownFileType = sourcecode.swift; path = Localization.swift; sourceTree = "<group>"; };
		486FDD342119AEF400EA0188 /* MasterConstant.swift */ = {isa = PBXFileReference; fileEncoding = 4; lastKnownFileType = sourcecode.swift; path = MasterConstant.swift; sourceTree = "<group>"; };
		486FDD372119AEF400EA0188 /* TheBayaApp.xcdatamodel */ = {isa = PBXFileReference; lastKnownFileType = wrapper.xcdatamodel; path = TheBayaApp.xcdatamodel; sourceTree = "<group>"; };
		486FDD3A2119AEF400EA0188 /* SwiftyJSON.swift */ = {isa = PBXFileReference; fileEncoding = 4; lastKnownFileType = sourcecode.swift; path = SwiftyJSON.swift; sourceTree = "<group>"; };
		486FDD3C2119AEF400EA0188 /* AppDelegate.swift */ = {isa = PBXFileReference; fileEncoding = 4; lastKnownFileType = sourcecode.swift; path = AppDelegate.swift; sourceTree = "<group>"; };
		486FDD3D2119AEF400EA0188 /* Assets.xcassets */ = {isa = PBXFileReference; lastKnownFileType = folder.assetcatalog; path = Assets.xcassets; sourceTree = "<group>"; };
		486FDD3E2119AEF400EA0188 /* Info.plist */ = {isa = PBXFileReference; fileEncoding = 4; lastKnownFileType = text.plist.xml; path = Info.plist; sourceTree = "<group>"; };
		487E4E58211C4CD8000CB32F /* AvenirLTStd-Black.otf */ = {isa = PBXFileReference; lastKnownFileType = file; path = "AvenirLTStd-Black.otf"; sourceTree = "<group>"; };
		487E4E59211C4CD8000CB32F /* AvenirLTStd-BlackOblique.otf */ = {isa = PBXFileReference; lastKnownFileType = file; path = "AvenirLTStd-BlackOblique.otf"; sourceTree = "<group>"; };
		487E4E5A211C4CD8000CB32F /* AvenirLTStd-Book.otf */ = {isa = PBXFileReference; lastKnownFileType = file; path = "AvenirLTStd-Book.otf"; sourceTree = "<group>"; };
		487E4E5B211C4CD8000CB32F /* AvenirLTStd-BookOblique.otf */ = {isa = PBXFileReference; lastKnownFileType = file; path = "AvenirLTStd-BookOblique.otf"; sourceTree = "<group>"; };
		487E4E5C211C4CD8000CB32F /* AvenirLTStd-Heavy.otf */ = {isa = PBXFileReference; lastKnownFileType = file; path = "AvenirLTStd-Heavy.otf"; sourceTree = "<group>"; };
		487E4E5D211C4CD8000CB32F /* AvenirLTStd-HeavyOblique.otf */ = {isa = PBXFileReference; lastKnownFileType = file; path = "AvenirLTStd-HeavyOblique.otf"; sourceTree = "<group>"; };
		487E4E5E211C4CD8000CB32F /* AvenirLTStd-Light.otf */ = {isa = PBXFileReference; lastKnownFileType = file; path = "AvenirLTStd-Light.otf"; sourceTree = "<group>"; };
		487E4E5F211C4CD8000CB32F /* AvenirLTStd-LightOblique.otf */ = {isa = PBXFileReference; lastKnownFileType = file; path = "AvenirLTStd-LightOblique.otf"; sourceTree = "<group>"; };
		487E4E60211C4CD8000CB32F /* AvenirLTStd-Medium.otf */ = {isa = PBXFileReference; lastKnownFileType = file; path = "AvenirLTStd-Medium.otf"; sourceTree = "<group>"; };
		487E4E61211C4CD8000CB32F /* AvenirLTStd-MediumOblique.otf */ = {isa = PBXFileReference; lastKnownFileType = file; path = "AvenirLTStd-MediumOblique.otf"; sourceTree = "<group>"; };
		487E4E62211C4CD8000CB32F /* AvenirLTStd-Roman.otf */ = {isa = PBXFileReference; lastKnownFileType = file; path = "AvenirLTStd-Roman.otf"; sourceTree = "<group>"; };
		489A5F68212293AA00080739 /* bg.jpg */ = {isa = PBXFileReference; lastKnownFileType = image.jpeg; path = bg.jpg; sourceTree = "<group>"; };
		489A5F69212293AA00080739 /* bg_ipad.jpg */ = {isa = PBXFileReference; lastKnownFileType = image.jpeg; path = bg_ipad.jpg; sourceTree = "<group>"; };
		489A5F6A212293AA00080739 /* login_bg.jpg */ = {isa = PBXFileReference; lastKnownFileType = image.jpeg; path = login_bg.jpg; sourceTree = "<group>"; };
		489A5F6B212293AA00080739 /* login_bg_ipad.jpg */ = {isa = PBXFileReference; lastKnownFileType = image.jpeg; path = login_bg_ipad.jpg; sourceTree = "<group>"; };
		5C14CA7E211C049100B06E29 /* ForgotPwdViewController.swift */ = {isa = PBXFileReference; lastKnownFileType = sourcecode.swift; path = ForgotPwdViewController.swift; sourceTree = "<group>"; };
		5C14CA80211C079800B06E29 /* ResetPwdViewController.swift */ = {isa = PBXFileReference; lastKnownFileType = sourcecode.swift; path = ResetPwdViewController.swift; sourceTree = "<group>"; };
		5C14CA82211C48D300B06E29 /* Setting.storyboard */ = {isa = PBXFileReference; lastKnownFileType = file.storyboard; path = Setting.storyboard; sourceTree = "<group>"; };
		5C14CA85211C7A7700B06E29 /* TabBarView.swift */ = {isa = PBXFileReference; lastKnownFileType = sourcecode.swift; path = TabBarView.swift; sourceTree = "<group>"; };
		5C14CA87211C7A8000B06E29 /* TabBarView.xib */ = {isa = PBXFileReference; lastKnownFileType = file.xib; path = TabBarView.xib; sourceTree = "<group>"; };
		5C14CA89211C7A9B00B06E29 /* TabbarViewController.swift */ = {isa = PBXFileReference; lastKnownFileType = sourcecode.swift; path = TabbarViewController.swift; sourceTree = "<group>"; };
		5C189C0B21253911001B72C5 /* FloatRatingView.swift */ = {isa = PBXFileReference; fileEncoding = 4; lastKnownFileType = sourcecode.swift; path = FloatRatingView.swift; sourceTree = "<group>"; };
		5C1E614621229D210090308D /* ScheduleVisitViewController.swift */ = {isa = PBXFileReference; lastKnownFileType = sourcecode.swift; path = ScheduleVisitViewController.swift; sourceTree = "<group>"; };
		5C1E61482122BBD00090308D /* NotificationViewController.swift */ = {isa = PBXFileReference; lastKnownFileType = sourcecode.swift; path = NotificationViewController.swift; sourceTree = "<group>"; };
		5C1E614B2122BCFE0090308D /* MIGenericPageControlView.swift */ = {isa = PBXFileReference; lastKnownFileType = sourcecode.swift; path = MIGenericPageControlView.swift; sourceTree = "<group>"; };
		5C1E614D2122C22C0090308D /* NotificationTblCell.swift */ = {isa = PBXFileReference; lastKnownFileType = sourcecode.swift; path = NotificationTblCell.swift; sourceTree = "<group>"; };
		5C1E61502122D7A70090308D /* SettingViewController.swift */ = {isa = PBXFileReference; fileEncoding = 4; lastKnownFileType = sourcecode.swift; path = SettingViewController.swift; sourceTree = "<group>"; };
		5C1E61522122D9D40090308D /* SettingTblCell.swift */ = {isa = PBXFileReference; lastKnownFileType = sourcecode.swift; path = SettingTblCell.swift; sourceTree = "<group>"; };
		5C1E61542122DCAA0090308D /* Setting_ipad.storyboard */ = {isa = PBXFileReference; lastKnownFileType = file.storyboard; path = Setting_ipad.storyboard; sourceTree = "<group>"; };
		5C1E61562122DED10090308D /* ChangePasswordViewController.swift */ = {isa = PBXFileReference; fileEncoding = 4; lastKnownFileType = sourcecode.swift; path = ChangePasswordViewController.swift; sourceTree = "<group>"; };
		5C1E61582122E59F0090308D /* EditProfileViewController.swift */ = {isa = PBXFileReference; fileEncoding = 4; lastKnownFileType = sourcecode.swift; path = EditProfileViewController.swift; sourceTree = "<group>"; };
		5C1E615A2122EC8B0090308D /* SupportViewController.swift */ = {isa = PBXFileReference; lastKnownFileType = sourcecode.swift; path = SupportViewController.swift; sourceTree = "<group>"; };
		5C1E615C2122EE6C0090308D /* CMSViewController.swift */ = {isa = PBXFileReference; fileEncoding = 4; lastKnownFileType = sourcecode.swift; path = CMSViewController.swift; sourceTree = "<group>"; };
		5C1E615F2122F3400090308D /* Profile.storyboard */ = {isa = PBXFileReference; lastKnownFileType = file.storyboard; path = Profile.storyboard; sourceTree = "<group>"; };
		5C1E61612122F3C10090308D /* ProfileViewController.swift */ = {isa = PBXFileReference; lastKnownFileType = sourcecode.swift; path = ProfileViewController.swift; sourceTree = "<group>"; };
		5C1E61632122F7C40090308D /* ProfileTblCell.swift */ = {isa = PBXFileReference; lastKnownFileType = sourcecode.swift; path = ProfileTblCell.swift; sourceTree = "<group>"; };
		5C1E61652123054C0090308D /* SubscribedProjectViewController.swift */ = {isa = PBXFileReference; lastKnownFileType = sourcecode.swift; path = SubscribedProjectViewController.swift; sourceTree = "<group>"; };
		5C1E61672123068B0090308D /* SubscribedTblCell.swift */ = {isa = PBXFileReference; lastKnownFileType = sourcecode.swift; path = SubscribedTblCell.swift; sourceTree = "<group>"; };
		5C1E616921230EEC0090308D /* VisitDetailsViewController.swift */ = {isa = PBXFileReference; fileEncoding = 4; lastKnownFileType = sourcecode.swift; path = VisitDetailsViewController.swift; sourceTree = "<group>"; };
		5C1E616B212312920090308D /* VisitDetailTblCell.swift */ = {isa = PBXFileReference; lastKnownFileType = sourcecode.swift; path = VisitDetailTblCell.swift; sourceTree = "<group>"; };
		5C42C8C6211AB5AC00907DBB /* LRF_ipad.storyboard */ = {isa = PBXFileReference; lastKnownFileType = file.storyboard; path = LRF_ipad.storyboard; sourceTree = "<group>"; };
		5C42C8CD211AC53500907DBB /* ParentViewController.swift */ = {isa = PBXFileReference; lastKnownFileType = sourcecode.swift; path = ParentViewController.swift; sourceTree = "<group>"; };
		5C42C8CF211ACD6E00907DBB /* SignUpViewController.swift */ = {isa = PBXFileReference; lastKnownFileType = sourcecode.swift; path = SignUpViewController.swift; sourceTree = "<group>"; };
		5C475D71212AD6C900125A19 /* spherical.jpg */ = {isa = PBXFileReference; lastKnownFileType = image.jpeg; path = spherical.jpg; sourceTree = "<group>"; };
		5C475D79212ADFA800125A19 /* Zoom3DImageViewController.swift */ = {isa = PBXFileReference; lastKnownFileType = sourcecode.swift; path = Zoom3DImageViewController.swift; sourceTree = "<group>"; };
		5C48FB62212851B000B0D6CB /* SeeAllAmenitiesViewController.swift */ = {isa = PBXFileReference; lastKnownFileType = sourcecode.swift; path = SeeAllAmenitiesViewController.swift; sourceTree = "<group>"; };
		5C48FB642128585800B0D6CB /* SellAllLocationTblCell.swift */ = {isa = PBXFileReference; lastKnownFileType = sourcecode.swift; path = SellAllLocationTblCell.swift; sourceTree = "<group>"; };
		5C48FB662128588D00B0D6CB /* SeeAllLocationAdvantagesViewController.swift */ = {isa = PBXFileReference; lastKnownFileType = sourcecode.swift; path = SeeAllLocationAdvantagesViewController.swift; sourceTree = "<group>"; };
		5C4DC5362127E43200C69ACF /* RateYoorVisitViewController.swift */ = {isa = PBXFileReference; lastKnownFileType = sourcecode.swift; path = RateYoorVisitViewController.swift; sourceTree = "<group>"; };
		5C4DC5382127EC1F00C69ACF /* TutorialCollCell.swift */ = {isa = PBXFileReference; lastKnownFileType = sourcecode.swift; path = TutorialCollCell.swift; sourceTree = "<group>"; };
		5C4DC53A2127EC3500C69ACF /* TutorialViewController.swift */ = {isa = PBXFileReference; lastKnownFileType = sourcecode.swift; path = TutorialViewController.swift; sourceTree = "<group>"; };
		5C4DC53C2127F79200C69ACF /* ExtensionUITableView.swift */ = {isa = PBXFileReference; fileEncoding = 4; lastKnownFileType = sourcecode.swift; path = ExtensionUITableView.swift; sourceTree = "<group>"; };
		5C73A13E211B26320056FC65 /* VerificationViewController.swift */ = {isa = PBXFileReference; lastKnownFileType = sourcecode.swift; path = VerificationViewController.swift; sourceTree = "<group>"; };
		5C8D5B7B212582030080193A /* ProjectDetailViewController.swift */ = {isa = PBXFileReference; lastKnownFileType = sourcecode.swift; path = ProjectDetailViewController.swift; sourceTree = "<group>"; };
		5C8D5B7D212586AF0080193A /* img6.jpeg */ = {isa = PBXFileReference; lastKnownFileType = image.jpeg; path = img6.jpeg; sourceTree = "<group>"; };
		5C8D5B7E212586AF0080193A /* img5.jpeg */ = {isa = PBXFileReference; lastKnownFileType = image.jpeg; path = img5.jpeg; sourceTree = "<group>"; };
		5C8D5B7F212586B00080193A /* img8.jpeg */ = {isa = PBXFileReference; lastKnownFileType = image.jpeg; path = img8.jpeg; sourceTree = "<group>"; };
		5C8D5B80212586B00080193A /* img9.jpeg */ = {isa = PBXFileReference; lastKnownFileType = image.jpeg; path = img9.jpeg; sourceTree = "<group>"; };
		5C8D5B81212586B00080193A /* img10.jpeg */ = {isa = PBXFileReference; lastKnownFileType = image.jpeg; path = img10.jpeg; sourceTree = "<group>"; };
		5C8D5B82212586B00080193A /* img7.jpeg */ = {isa = PBXFileReference; lastKnownFileType = image.jpeg; path = img7.jpeg; sourceTree = "<group>"; };
		5C8D5B8921258A8D0080193A /* LocationAdvantagesCollCell.swift */ = {isa = PBXFileReference; lastKnownFileType = sourcecode.swift; path = LocationAdvantagesCollCell.swift; sourceTree = "<group>"; };
		5C8D5B8B21258AA90080193A /* PlanTypeCollCell.swift */ = {isa = PBXFileReference; lastKnownFileType = sourcecode.swift; path = PlanTypeCollCell.swift; sourceTree = "<group>"; };
		5C8D5B8D21258AC60080193A /* FloorPlansImgCollCell.swift */ = {isa = PBXFileReference; lastKnownFileType = sourcecode.swift; path = FloorPlansImgCollCell.swift; sourceTree = "<group>"; };
		5C8D5B8F21258ADC0080193A /* OverViewCollCell.swift */ = {isa = PBXFileReference; lastKnownFileType = sourcecode.swift; path = OverViewCollCell.swift; sourceTree = "<group>"; };
		5C8D5B9121258AFA0080193A /* AmmenitiesCollCell.swift */ = {isa = PBXFileReference; lastKnownFileType = sourcecode.swift; path = AmmenitiesCollCell.swift; sourceTree = "<group>"; };
		5C8D5B9321258B190080193A /* SpecificationTblCell.swift */ = {isa = PBXFileReference; lastKnownFileType = sourcecode.swift; path = SpecificationTblCell.swift; sourceTree = "<group>"; };
		5C8D5B9521258B380080193A /* ConfigurationTblCell.swift */ = {isa = PBXFileReference; lastKnownFileType = sourcecode.swift; path = ConfigurationTblCell.swift; sourceTree = "<group>"; };
		5C8D5B972125941C0080193A /* LocationDescTblCell.swift */ = {isa = PBXFileReference; lastKnownFileType = sourcecode.swift; path = LocationDescTblCell.swift; sourceTree = "<group>"; };
		5CD763F8211D51EA00C267AB /* HomeViewController.swift */ = {isa = PBXFileReference; lastKnownFileType = sourcecode.swift; path = HomeViewController.swift; sourceTree = "<group>"; };
		5CD763FA211D62B200C267AB /* HomeCollCell.swift */ = {isa = PBXFileReference; lastKnownFileType = sourcecode.swift; path = HomeCollCell.swift; sourceTree = "<group>"; };
		5CD763FC211DB8F700C267AB /* MIGenericProgressView.swift */ = {isa = PBXFileReference; lastKnownFileType = sourcecode.swift; path = MIGenericProgressView.swift; sourceTree = "<group>"; };
		5CD763FE211DBF5700C267AB /* TimelineDetailViewController.swift */ = {isa = PBXFileReference; lastKnownFileType = sourcecode.swift; path = TimelineDetailViewController.swift; sourceTree = "<group>"; };
		5CD76400211DC07E00C267AB /* ProjectViewController.swift */ = {isa = PBXFileReference; lastKnownFileType = sourcecode.swift; path = ProjectViewController.swift; sourceTree = "<group>"; };
		5CD7640C211DC33B00C267AB /* img1.jpeg */ = {isa = PBXFileReference; lastKnownFileType = image.jpeg; path = img1.jpeg; sourceTree = "<group>"; };
		5CD7640D211DC33B00C267AB /* img4.jpeg */ = {isa = PBXFileReference; lastKnownFileType = image.jpeg; path = img4.jpeg; sourceTree = "<group>"; };
		5CD7640E211DC33C00C267AB /* img3.jpeg */ = {isa = PBXFileReference; lastKnownFileType = image.jpeg; path = img3.jpeg; sourceTree = "<group>"; };
		5CD7640F211DC33D00C267AB /* img2.jpeg */ = {isa = PBXFileReference; lastKnownFileType = image.jpeg; path = img2.jpeg; sourceTree = "<group>"; };
		5CD76414211DC6F900C267AB /* ProjectTblCell.swift */ = {isa = PBXFileReference; lastKnownFileType = sourcecode.swift; path = ProjectTblCell.swift; sourceTree = "<group>"; };
		5CDE13EF2119B67E00B11AA5 /* LRF.storyboard */ = {isa = PBXFileReference; lastKnownFileType = file.storyboard; path = LRF.storyboard; sourceTree = "<group>"; };
		5CDE13F12119B7BD00B11AA5 /* MIGenericButton.swift */ = {isa = PBXFileReference; fileEncoding = 4; lastKnownFileType = sourcecode.swift; path = MIGenericButton.swift; sourceTree = "<group>"; };
		5CDE13F22119B7BD00B11AA5 /* MIGenericView.swift */ = {isa = PBXFileReference; fileEncoding = 4; lastKnownFileType = sourcecode.swift; path = MIGenericView.swift; sourceTree = "<group>"; };
		5CDE13F32119B7BD00B11AA5 /* MIGenericTextField.swift */ = {isa = PBXFileReference; fileEncoding = 4; lastKnownFileType = sourcecode.swift; path = MIGenericTextField.swift; sourceTree = "<group>"; };
		5CDE13F42119B7BE00B11AA5 /* MIGenericLabel.swift */ = {isa = PBXFileReference; fileEncoding = 4; lastKnownFileType = sourcecode.swift; path = MIGenericLabel.swift; sourceTree = "<group>"; };
		5CDE13F52119B7BE00B11AA5 /* MIGenericTextView.swift */ = {isa = PBXFileReference; fileEncoding = 4; lastKnownFileType = sourcecode.swift; path = MIGenericTextView.swift; sourceTree = "<group>"; };
		5CDE13FB2119B89900B11AA5 /* ExtensionUIFont.swift */ = {isa = PBXFileReference; fileEncoding = 4; lastKnownFileType = sourcecode.swift; path = ExtensionUIFont.swift; sourceTree = "<group>"; };
		5CDE14152119BFBD00B11AA5 /* LoginViewController.swift */ = {isa = PBXFileReference; lastKnownFileType = sourcecode.swift; path = LoginViewController.swift; sourceTree = "<group>"; };
		5CDE141B2119C7C400B11AA5 /* MIInputControllerValidation.swift */ = {isa = PBXFileReference; fileEncoding = 4; lastKnownFileType = sourcecode.swift; path = MIInputControllerValidation.swift; sourceTree = "<group>"; };
		5CEE6A4A212D8A1B0066017A /* TimelineImgZoomViewController_ipad.swift */ = {isa = PBXFileReference; lastKnownFileType = sourcecode.swift; path = TimelineImgZoomViewController_ipad.swift; sourceTree = "<group>"; };
		5CEE6A4C212D8AFF0066017A /* TimeLineZoomImgCollCell_ipad.swift */ = {isa = PBXFileReference; lastKnownFileType = sourcecode.swift; path = TimeLineZoomImgCollCell_ipad.swift; sourceTree = "<group>"; };
		5CF34B9E212D494E001901B1 /* TimeLineUpdateTblCell_ipad.swift */ = {isa = PBXFileReference; lastKnownFileType = sourcecode.swift; path = TimeLineUpdateTblCell_ipad.swift; sourceTree = "<group>"; };
		5CF34BA2212D60C2001901B1 /* TimeLineUpdateTextTblCell_ipad.swift */ = {isa = PBXFileReference; lastKnownFileType = sourcecode.swift; path = TimeLineUpdateTextTblCell_ipad.swift; sourceTree = "<group>"; };
		5CF34BA4212D6B85001901B1 /* TimeLineUpdateUrlTblCell_ipad.swift */ = {isa = PBXFileReference; lastKnownFileType = sourcecode.swift; path = TimeLineUpdateUrlTblCell_ipad.swift; sourceTree = "<group>"; };
		5CF50BA721215EEB002FDAB8 /* SubscribedProjectCollCell.swift */ = {isa = PBXFileReference; lastKnownFileType = sourcecode.swift; path = SubscribedProjectCollCell.swift; sourceTree = "<group>"; };
		5CF50BA921218244002FDAB8 /* TimeLineUpdateTblCell.swift */ = {isa = PBXFileReference; lastKnownFileType = sourcecode.swift; path = TimeLineUpdateTblCell.swift; sourceTree = "<group>"; };
		5CF50BAB212182AC002FDAB8 /* TimeLineImgCollCell.swift */ = {isa = PBXFileReference; lastKnownFileType = sourcecode.swift; path = TimeLineImgCollCell.swift; sourceTree = "<group>"; };
		5CF50BAF2121B019002FDAB8 /* FilterView.swift */ = {isa = PBXFileReference; lastKnownFileType = sourcecode.swift; path = FilterView.swift; sourceTree = "<group>"; };
		5CF50BB12121B024002FDAB8 /* FilterView.xib */ = {isa = PBXFileReference; lastKnownFileType = file.xib; path = FilterView.xib; sourceTree = "<group>"; };
		5CFCAAA6212BF00B00717C10 /* TimeLineSubscribeTblCell.swift */ = {isa = PBXFileReference; lastKnownFileType = sourcecode.swift; path = TimeLineSubscribeTblCell.swift; sourceTree = "<group>"; };
		5CFCAAA8212C145500717C10 /* ProjectImageCollCell.swift */ = {isa = PBXFileReference; lastKnownFileType = sourcecode.swift; path = ProjectImageCollCell.swift; sourceTree = "<group>"; };
		5CFCAAAC212C1DC900717C10 /* TabBarView_ipad.xib */ = {isa = PBXFileReference; lastKnownFileType = file.xib; path = TabBarView_ipad.xib; sourceTree = "<group>"; };
		5CFCAAAE212C24C500717C10 /* Main_ipad.storyboard */ = {isa = PBXFileReference; lastKnownFileType = file.storyboard; path = Main_ipad.storyboard; sourceTree = "<group>"; };
		775C24B430F439213956B3D8 /* Pods_TheBayaApp.framework */ = {isa = PBXFileReference; explicitFileType = wrapper.framework; includeInIndex = 0; path = Pods_TheBayaApp.framework; sourceTree = BUILT_PRODUCTS_DIR; };
		8A2BFE689800EFF0A5FC7C8B /* Pods-TheBayaApp.release.xcconfig */ = {isa = PBXFileReference; includeInIndex = 1; lastKnownFileType = text.xcconfig; name = "Pods-TheBayaApp.release.xcconfig"; path = "Pods/Target Support Files/Pods-TheBayaApp/Pods-TheBayaApp.release.xcconfig"; sourceTree = "<group>"; };
/* End PBXFileReference section */

/* Begin PBXFrameworksBuildPhase section */
		486FDCE42119ADBC00EA0188 /* Frameworks */ = {
			isa = PBXFrameworksBuildPhase;
			buildActionMask = 2147483647;
			files = (
				E45FB1563DC0DB8A3F96B701 /* Pods_TheBayaApp.framework in Frameworks */,
			);
			runOnlyForDeploymentPostprocessing = 0;
		};
/* End PBXFrameworksBuildPhase section */

/* Begin PBXGroup section */
		35635322AC54FD68A582E486 /* Pods */ = {
			isa = PBXGroup;
			children = (
				45DA2FFAD3BD2F8FB55C31C8 /* Pods-TheBayaApp.debug.xcconfig */,
				8A2BFE689800EFF0A5FC7C8B /* Pods-TheBayaApp.release.xcconfig */,
			);
			name = Pods;
			sourceTree = "<group>";
		};
		486FDCDE2119ADBC00EA0188 = {
			isa = PBXGroup;
			children = (
				486FDCE92119ADBC00EA0188 /* TheBayaApp */,
				486FDCE82119ADBC00EA0188 /* Products */,
				35635322AC54FD68A582E486 /* Pods */,
				C360606CACEC8EFD9DD62C26 /* Frameworks */,
			);
			sourceTree = "<group>";
		};
		486FDCE82119ADBC00EA0188 /* Products */ = {
			isa = PBXGroup;
			children = (
				486FDCE72119ADBC00EA0188 /* TheBayaApp.app */,
			);
			name = Products;
			sourceTree = "<group>";
		};
		486FDCE92119ADBC00EA0188 /* TheBayaApp */ = {
			isa = PBXGroup;
			children = (
				486FDD052119AEF300EA0188 /* Resources */,
				486FDD3B2119AEF400EA0188 /* AppGeneralFiles */,
				486FDD0E2119AEF400EA0188 /* Master */,
				486FDD392119AEF400EA0188 /* DataModel */,
				486FDD352119AEF400EA0188 /* Core Data */,
				486FDD032119AEF300EA0188 /* Generic Classes */,
				486FDCFF2119AEF300EA0188 /* Project Classes */,
				486FDD072119AEF400EA0188 /* ServiceAndConfiguration */,
				486FDD382119AEF400EA0188 /* Storyboard */,
			);
			path = TheBayaApp;
			sourceTree = "<group>";
		};
		486FDCFF2119AEF300EA0188 /* Project Classes */ = {
			isa = PBXGroup;
			children = (
				5C189C09212538F5001B72C5 /* Custom class */,
				5CF50BAE2121AF32002FDAB8 /* CommonFiles */,
				5C14CA84211C7A5100B06E29 /* Tabbar */,
				5C42C8CC211AC50D00907DBB /* Parent */,
				5CDE14142119BFA000B11AA5 /* LRF */,
				5CD763F7211D519100C267AB /* Home */,
				5C1E614F2122D7650090308D /* Setting */,
				5C1E615E2122F3330090308D /* Profile */,
			);
			path = "Project Classes";
			sourceTree = "<group>";
		};
		486FDD032119AEF300EA0188 /* Generic Classes */ = {
			isa = PBXGroup;
			children = (
				5CDE13F12119B7BD00B11AA5 /* MIGenericButton.swift */,
				5CDE13F42119B7BE00B11AA5 /* MIGenericLabel.swift */,
				5CDE13F32119B7BD00B11AA5 /* MIGenericTextField.swift */,
				5CDE13F52119B7BE00B11AA5 /* MIGenericTextView.swift */,
				5CDE13F22119B7BD00B11AA5 /* MIGenericView.swift */,
				5CD763FC211DB8F700C267AB /* MIGenericProgressView.swift */,
				5C1E614B2122BCFE0090308D /* MIGenericPageControlView.swift */,
			);
			path = "Generic Classes";
			sourceTree = "<group>";
		};
		486FDD052119AEF300EA0188 /* Resources */ = {
			isa = PBXGroup;
			children = (
				489A5F67212293AA00080739 /* Images */,
				5CD7640B211DC2C500C267AB /* Temp_img */,
				487E4E57211C4CD8000CB32F /* Fonts */,
			);
			path = Resources;
			sourceTree = "<group>";
		};
		486FDD072119AEF400EA0188 /* ServiceAndConfiguration */ = {
			isa = PBXGroup;
			children = (
				486FDD082119AEF400EA0188 /* APIRequest.swift */,
				486FDD092119AEF400EA0188 /* ApplicationConfig.swift */,
				486FDD0A2119AEF400EA0188 /* ApplicationConstants.swift */,
				486FDD0B2119AEF400EA0188 /* ApplicationMessages.swift */,
			);
			path = ServiceAndConfiguration;
			sourceTree = "<group>";
		};
		486FDD0E2119AEF400EA0188 /* Master */ = {
			isa = PBXGroup;
			children = (
				486FDD0F2119AEF400EA0188 /* AlertView:Loader */,
				486FDD142119AEF400EA0188 /* AutoLayout */,
				486FDD162119AEF400EA0188 /* Coredata */,
				486FDD1B2119AEF400EA0188 /* Extensions */,
				486FDD322119AEF400EA0188 /* Localization */,
				486FDD342119AEF400EA0188 /* MasterConstant.swift */,
			);
			path = Master;
			sourceTree = "<group>";
		};
		486FDD0F2119AEF400EA0188 /* AlertView:Loader */ = {
			isa = PBXGroup;
			children = (
				486FDD102119AEF400EA0188 /* MILoader.swift */,
				486FDD112119AEF400EA0188 /* MIPopUpOverlay.swift */,
				486FDD122119AEF400EA0188 /* MIPopUpOverlay.xib */,
				486FDD132119AEF400EA0188 /* MIToastAlert.swift */,
			);
			path = "AlertView:Loader";
			sourceTree = "<group>";
		};
		486FDD142119AEF400EA0188 /* AutoLayout */ = {
			isa = PBXGroup;
			children = (
				486FDD152119AEF400EA0188 /* AutoLayout.swift */,
			);
			path = AutoLayout;
			sourceTree = "<group>";
		};
		486FDD162119AEF400EA0188 /* Coredata */ = {
			isa = PBXGroup;
			children = (
				486FDD172119AEF400EA0188 /* CoreData.swift */,
				486FDD182119AEF400EA0188 /* CoreDataContext+Extension.swift */,
				486FDD192119AEF400EA0188 /* CoreDataObject+Extension.swift */,
				486FDD1A2119AEF400EA0188 /* FetchResultController+Extension.swift */,
			);
			path = Coredata;
			sourceTree = "<group>";
		};
		486FDD1B2119AEF400EA0188 /* Extensions */ = {
			isa = PBXGroup;
			children = (
				5CDE13FB2119B89900B11AA5 /* ExtensionUIFont.swift */,
				486FDD1C2119AEF400EA0188 /* ExetensionFloat.swift */,
				486FDD1D2119AEF400EA0188 /* ExtensionArray.swift */,
				486FDD1E2119AEF400EA0188 /* ExtensionDate.swift */,
				486FDD1F2119AEF400EA0188 /* ExtensionDictionary.swift */,
				486FDD202119AEF400EA0188 /* ExtensionDouble.swift */,
				486FDD212119AEF400EA0188 /* ExtensionInt.swift */,
				486FDD222119AEF400EA0188 /* ExtensionNSObject.swift */,
				486FDD232119AEF400EA0188 /* ExtensionString.swift */,
				486FDD242119AEF400EA0188 /* ExtensionUIApplication.swift */,
				486FDD252119AEF400EA0188 /* ExtensionUIBarButtonItem.swift */,
				486FDD262119AEF400EA0188 /* ExtensionUIButton.swift */,
				486FDD272119AEF400EA0188 /* ExtensionUIColor.swift */,
				486FDD282119AEF400EA0188 /* ExtensionUIImage.swift */,
				5C4DC53C2127F79200C69ACF /* ExtensionUITableView.swift */,
				486FDD292119AEF400EA0188 /* ExtensionUIImageView.swift */,
				486FDD2A2119AEF400EA0188 /* ExtensionUINavigationController.swift */,
				486FDD2B2119AEF400EA0188 /* ExtensionUIResponder.swift */,
				486FDD2C2119AEF400EA0188 /* ExtensionUITextField.swift */,
				486FDD2D2119AEF400EA0188 /* ExtensionUITextView.swift */,
				486FDD2E2119AEF400EA0188 /* ExtensionUIView.swift */,
				486FDD2F2119AEF400EA0188 /* ExtensionUIViewController.swift */,
				486FDD302119AEF400EA0188 /* ExtensionURL.swift */,
				486FDD312119AEF400EA0188 /* MIKeyboardManager.swift */,
			);
			path = Extensions;
			sourceTree = "<group>";
		};
		486FDD322119AEF400EA0188 /* Localization */ = {
			isa = PBXGroup;
			children = (
				486FDD332119AEF400EA0188 /* Localization.swift */,
			);
			path = Localization;
			sourceTree = "<group>";
		};
		486FDD352119AEF400EA0188 /* Core Data */ = {
			isa = PBXGroup;
			children = (
				486FDD362119AEF400EA0188 /* TheBayaApp.xcdatamodeld */,
			);
			path = "Core Data";
			sourceTree = "<group>";
		};
		486FDD382119AEF400EA0188 /* Storyboard */ = {
			isa = PBXGroup;
			children = (
				486FDCF62119ADBD00EA0188 /* LaunchScreen.storyboard */,
			);
			path = Storyboard;
			sourceTree = "<group>";
		};
		486FDD392119AEF400EA0188 /* DataModel */ = {
			isa = PBXGroup;
			children = (
				486FDD3A2119AEF400EA0188 /* SwiftyJSON.swift */,
			);
			path = DataModel;
			sourceTree = "<group>";
		};
		486FDD3B2119AEF400EA0188 /* AppGeneralFiles */ = {
			isa = PBXGroup;
			children = (
				486FDD3C2119AEF400EA0188 /* AppDelegate.swift */,
				486FDD3D2119AEF400EA0188 /* Assets.xcassets */,
				486FDD3E2119AEF400EA0188 /* Info.plist */,
			);
			path = AppGeneralFiles;
			sourceTree = "<group>";
		};
		487E4E57211C4CD8000CB32F /* Fonts */ = {
			isa = PBXGroup;
			children = (
				487E4E58211C4CD8000CB32F /* AvenirLTStd-Black.otf */,
				487E4E59211C4CD8000CB32F /* AvenirLTStd-BlackOblique.otf */,
				487E4E5A211C4CD8000CB32F /* AvenirLTStd-Book.otf */,
				487E4E5B211C4CD8000CB32F /* AvenirLTStd-BookOblique.otf */,
				487E4E5C211C4CD8000CB32F /* AvenirLTStd-Heavy.otf */,
				487E4E5D211C4CD8000CB32F /* AvenirLTStd-HeavyOblique.otf */,
				487E4E5E211C4CD8000CB32F /* AvenirLTStd-Light.otf */,
				487E4E5F211C4CD8000CB32F /* AvenirLTStd-LightOblique.otf */,
				487E4E60211C4CD8000CB32F /* AvenirLTStd-Medium.otf */,
				487E4E61211C4CD8000CB32F /* AvenirLTStd-MediumOblique.otf */,
				487E4E62211C4CD8000CB32F /* AvenirLTStd-Roman.otf */,
			);
			path = Fonts;
			sourceTree = "<group>";
		};
		489A5F67212293AA00080739 /* Images */ = {
			isa = PBXGroup;
			children = (
				489A5F68212293AA00080739 /* bg.jpg */,
				489A5F69212293AA00080739 /* bg_ipad.jpg */,
				489A5F6A212293AA00080739 /* login_bg.jpg */,
				489A5F6B212293AA00080739 /* login_bg_ipad.jpg */,
			);
			path = Images;
			sourceTree = "<group>";
		};
		5C14CA84211C7A5100B06E29 /* Tabbar */ = {
			isa = PBXGroup;
			children = (
				5C14CA85211C7A7700B06E29 /* TabBarView.swift */,
				5C14CA87211C7A8000B06E29 /* TabBarView.xib */,
				5CFCAAAC212C1DC900717C10 /* TabBarView_ipad.xib */,
				5C14CA89211C7A9B00B06E29 /* TabbarViewController.swift */,
			);
			path = Tabbar;
			sourceTree = "<group>";
		};
		5C189C09212538F5001B72C5 /* Custom class */ = {
			isa = PBXGroup;
			children = (
				5C189C0A21253911001B72C5 /* FloatRatingView */,
			);
			path = "Custom class";
			sourceTree = "<group>";
		};
		5C189C0A21253911001B72C5 /* FloatRatingView */ = {
			isa = PBXGroup;
			children = (
				5C189C0B21253911001B72C5 /* FloatRatingView.swift */,
			);
			path = FloatRatingView;
			sourceTree = "<group>";
		};
		5C1E614F2122D7650090308D /* Setting */ = {
			isa = PBXGroup;
			children = (
				5C14CA82211C48D300B06E29 /* Setting.storyboard */,
				5C1E61542122DCAA0090308D /* Setting_ipad.storyboard */,
				5C1E61502122D7A70090308D /* SettingViewController.swift */,
				5C1E61582122E59F0090308D /* EditProfileViewController.swift */,
				5C1E61562122DED10090308D /* ChangePasswordViewController.swift */,
				5C1E615A2122EC8B0090308D /* SupportViewController.swift */,
				5C1E615C2122EE6C0090308D /* CMSViewController.swift */,
				5C1E61522122D9D40090308D /* SettingTblCell.swift */,
			);
			path = Setting;
			sourceTree = "<group>";
		};
		5C1E615E2122F3330090308D /* Profile */ = {
			isa = PBXGroup;
			children = (
				5C1E615F2122F3400090308D /* Profile.storyboard */,
				5C1E61612122F3C10090308D /* ProfileViewController.swift */,
				5C1E61652123054C0090308D /* SubscribedProjectViewController.swift */,
				5C1E616921230EEC0090308D /* VisitDetailsViewController.swift */,
				5C4DC5362127E43200C69ACF /* RateYoorVisitViewController.swift */,
				5C1E61632122F7C40090308D /* ProfileTblCell.swift */,
				5C1E61672123068B0090308D /* SubscribedTblCell.swift */,
				5C1E616B212312920090308D /* VisitDetailTblCell.swift */,
			);
			path = Profile;
			sourceTree = "<group>";
		};
		5C42C8CC211AC50D00907DBB /* Parent */ = {
			isa = PBXGroup;
			children = (
				5C42C8CD211AC53500907DBB /* ParentViewController.swift */,
			);
			path = Parent;
			sourceTree = "<group>";
		};
		5CD763F7211D519100C267AB /* Home */ = {
			isa = PBXGroup;
			children = (
				486FDCEE2119ADBC00EA0188 /* Main.storyboard */,
				5CFCAAAE212C24C500717C10 /* Main_ipad.storyboard */,
				5CD763F8211D51EA00C267AB /* HomeViewController.swift */,
				5CD763FE211DBF5700C267AB /* TimelineDetailViewController.swift */,
				5CEE6A4A212D8A1B0066017A /* TimelineImgZoomViewController_ipad.swift */,
				5CD76400211DC07E00C267AB /* ProjectViewController.swift */,
				5C8D5B7B212582030080193A /* ProjectDetailViewController.swift */,
				5C475D79212ADFA800125A19 /* Zoom3DImageViewController.swift */,
				5C1E614621229D210090308D /* ScheduleVisitViewController.swift */,
				5C1E61482122BBD00090308D /* NotificationViewController.swift */,
				5C48FB62212851B000B0D6CB /* SeeAllAmenitiesViewController.swift */,
				5C48FB662128588D00B0D6CB /* SeeAllLocationAdvantagesViewController.swift */,
				5CD763FA211D62B200C267AB /* HomeCollCell.swift */,
				5CD76414211DC6F900C267AB /* ProjectTblCell.swift */,
				5CF50BA721215EEB002FDAB8 /* SubscribedProjectCollCell.swift */,
				5CFCAAA6212BF00B00717C10 /* TimeLineSubscribeTblCell.swift */,
				5CF50BA921218244002FDAB8 /* TimeLineUpdateTblCell.swift */,
				5CF50BAB212182AC002FDAB8 /* TimeLineImgCollCell.swift */,
				5C1E614D2122C22C0090308D /* NotificationTblCell.swift */,
				5C8D5B8921258A8D0080193A /* LocationAdvantagesCollCell.swift */,
				5C8D5B8B21258AA90080193A /* PlanTypeCollCell.swift */,
				5C8D5B8D21258AC60080193A /* FloorPlansImgCollCell.swift */,
				5C8D5B8F21258ADC0080193A /* OverViewCollCell.swift */,
				5C8D5B9121258AFA0080193A /* AmmenitiesCollCell.swift */,
				5C8D5B9321258B190080193A /* SpecificationTblCell.swift */,
				5C8D5B9521258B380080193A /* ConfigurationTblCell.swift */,
				5C8D5B972125941C0080193A /* LocationDescTblCell.swift */,
				5C48FB642128585800B0D6CB /* SellAllLocationTblCell.swift */,
				5CFCAAA8212C145500717C10 /* ProjectImageCollCell.swift */,
				5CF34B9E212D494E001901B1 /* TimeLineUpdateTblCell_ipad.swift */,
				5CF34BA2212D60C2001901B1 /* TimeLineUpdateTextTblCell_ipad.swift */,
				5CF34BA4212D6B85001901B1 /* TimeLineUpdateUrlTblCell_ipad.swift */,
				5CEE6A4C212D8AFF0066017A /* TimeLineZoomImgCollCell_ipad.swift */,
			);
			path = Home;
			sourceTree = "<group>";
		};
		5CD7640B211DC2C500C267AB /* Temp_img */ = {
			isa = PBXGroup;
			children = (
				5C475D71212AD6C900125A19 /* spherical.jpg */,
				5C8D5B7E212586AF0080193A /* img5.jpeg */,
				5C8D5B7D212586AF0080193A /* img6.jpeg */,
				5C8D5B82212586B00080193A /* img7.jpeg */,
				5C8D5B7F212586B00080193A /* img8.jpeg */,
				5C8D5B80212586B00080193A /* img9.jpeg */,
				5C8D5B81212586B00080193A /* img10.jpeg */,
				5CD7640C211DC33B00C267AB /* img1.jpeg */,
				5CD7640F211DC33D00C267AB /* img2.jpeg */,
				5CD7640E211DC33C00C267AB /* img3.jpeg */,
				5CD7640D211DC33B00C267AB /* img4.jpeg */,
			);
			path = Temp_img;
			sourceTree = "<group>";
		};
		5CDE14142119BFA000B11AA5 /* LRF */ = {
			isa = PBXGroup;
			children = (
				5CDE13EF2119B67E00B11AA5 /* LRF.storyboard */,
				5C42C8C6211AB5AC00907DBB /* LRF_ipad.storyboard */,
				5C4DC53A2127EC3500C69ACF /* TutorialViewController.swift */,
				5CDE14152119BFBD00B11AA5 /* LoginViewController.swift */,
				5C42C8CF211ACD6E00907DBB /* SignUpViewController.swift */,
				5C73A13E211B26320056FC65 /* VerificationViewController.swift */,
				5C14CA7E211C049100B06E29 /* ForgotPwdViewController.swift */,
				5C14CA80211C079800B06E29 /* ResetPwdViewController.swift */,
				5C4DC5382127EC1F00C69ACF /* TutorialCollCell.swift */,
			);
			path = LRF;
			sourceTree = "<group>";
		};
		5CF50BAE2121AF32002FDAB8 /* CommonFiles */ = {
			isa = PBXGroup;
			children = (
				5CDE141B2119C7C400B11AA5 /* MIInputControllerValidation.swift */,
				5CF50BAF2121B019002FDAB8 /* FilterView.swift */,
				5CF50BB12121B024002FDAB8 /* FilterView.xib */,
			);
			path = CommonFiles;
			sourceTree = "<group>";
		};
		C360606CACEC8EFD9DD62C26 /* Frameworks */ = {
			isa = PBXGroup;
			children = (
				775C24B430F439213956B3D8 /* Pods_TheBayaApp.framework */,
			);
			name = Frameworks;
			sourceTree = "<group>";
		};
/* End PBXGroup section */

/* Begin PBXNativeTarget section */
		486FDCE62119ADBC00EA0188 /* TheBayaApp */ = {
			isa = PBXNativeTarget;
			buildConfigurationList = 486FDCFC2119ADBD00EA0188 /* Build configuration list for PBXNativeTarget "TheBayaApp" */;
			buildPhases = (
				39D7E653670212E419281921 /* [CP] Check Pods Manifest.lock */,
				486FDCE32119ADBC00EA0188 /* Sources */,
				486FDCE42119ADBC00EA0188 /* Frameworks */,
				486FDCE52119ADBC00EA0188 /* Resources */,
				68DF06806F97FE88BB413AA1 /* [CP] Embed Pods Frameworks */,
			);
			buildRules = (
			);
			dependencies = (
			);
			name = TheBayaApp;
			productName = TheBayaApp;
			productReference = 486FDCE72119ADBC00EA0188 /* TheBayaApp.app */;
			productType = "com.apple.product-type.application";
		};
/* End PBXNativeTarget section */

/* Begin PBXProject section */
		486FDCDF2119ADBC00EA0188 /* Project object */ = {
			isa = PBXProject;
			attributes = {
				LastSwiftUpdateCheck = 0940;
				LastUpgradeCheck = 0940;
				ORGANIZATIONNAME = "mac-0005";
				TargetAttributes = {
					486FDCE62119ADBC00EA0188 = {
						CreatedOnToolsVersion = 9.4;
					};
				};
			};
			buildConfigurationList = 486FDCE22119ADBC00EA0188 /* Build configuration list for PBXProject "TheBayaApp" */;
			compatibilityVersion = "Xcode 9.3";
			developmentRegion = en;
			hasScannedForEncodings = 0;
			knownRegions = (
				en,
				Base,
			);
			mainGroup = 486FDCDE2119ADBC00EA0188;
			productRefGroup = 486FDCE82119ADBC00EA0188 /* Products */;
			projectDirPath = "";
			projectRoot = "";
			targets = (
				486FDCE62119ADBC00EA0188 /* TheBayaApp */,
			);
		};
/* End PBXProject section */

/* Begin PBXResourcesBuildPhase section */
		486FDCE52119ADBC00EA0188 /* Resources */ = {
			isa = PBXResourcesBuildPhase;
			buildActionMask = 2147483647;
			files = (
				489A5F6C212293AA00080739 /* bg.jpg in Resources */,
				487E4E6C211C4CD8000CB32F /* AvenirLTStd-MediumOblique.otf in Resources */,
				5C42C8C7211AB5AC00907DBB /* LRF_ipad.storyboard in Resources */,
				5C8D5B88212586B00080193A /* img7.jpeg in Resources */,
				5C1E61602122F3400090308D /* Profile.storyboard in Resources */,
				5CFCAAAF212C24C500717C10 /* Main_ipad.storyboard in Resources */,
				489A5F6D212293AA00080739 /* bg_ipad.jpg in Resources */,
				486FDD4D2119AEF500EA0188 /* MIPopUpOverlay.xib in Resources */,
				487E4E66211C4CD8000CB32F /* AvenirLTStd-BookOblique.otf in Resources */,
				5CDE13F02119B67E00B11AA5 /* LRF.storyboard in Resources */,
				5C8D5B85212586B00080193A /* img8.jpeg in Resources */,
				487E4E68211C4CD8000CB32F /* AvenirLTStd-HeavyOblique.otf in Resources */,
				487E4E65211C4CD8000CB32F /* AvenirLTStd-Book.otf in Resources */,
				486FDCF82119ADBD00EA0188 /* LaunchScreen.storyboard in Resources */,
				5C8D5B84212586B00080193A /* img5.jpeg in Resources */,
				487E4E67211C4CD8000CB32F /* AvenirLTStd-Heavy.otf in Resources */,
				5CD76410211DC33D00C267AB /* img1.jpeg in Resources */,
				487E4E6A211C4CD8000CB32F /* AvenirLTStd-LightOblique.otf in Resources */,
				5C475D72212AD6CC00125A19 /* spherical.jpg in Resources */,
				5C1E61552122DCAA0090308D /* Setting_ipad.storyboard in Resources */,
				5CFCAAAD212C1DC900717C10 /* TabBarView_ipad.xib in Resources */,
				5C14CA88211C7A8000B06E29 /* TabBarView.xib in Resources */,
				5C8D5B83212586B00080193A /* img6.jpeg in Resources */,
				5CD76413211DC33D00C267AB /* img2.jpeg in Resources */,
				5C8D5B86212586B00080193A /* img9.jpeg in Resources */,
				486FDD6F2119AEF500EA0188 /* Assets.xcassets in Resources */,
				489A5F6E212293AA00080739 /* login_bg.jpg in Resources */,
				5CD76411211DC33D00C267AB /* img4.jpeg in Resources */,
				489A5F6F212293AA00080739 /* login_bg_ipad.jpg in Resources */,
				5CF50BB22121B024002FDAB8 /* FilterView.xib in Resources */,
				487E4E6D211C4CD8000CB32F /* AvenirLTStd-Roman.otf in Resources */,
				487E4E64211C4CD8000CB32F /* AvenirLTStd-BlackOblique.otf in Resources */,
				5C8D5B87212586B00080193A /* img10.jpeg in Resources */,
				5CD76412211DC33D00C267AB /* img3.jpeg in Resources */,
				487E4E6B211C4CD8000CB32F /* AvenirLTStd-Medium.otf in Resources */,
				486FDCF02119ADBC00EA0188 /* Main.storyboard in Resources */,
				487E4E63211C4CD8000CB32F /* AvenirLTStd-Black.otf in Resources */,
				487E4E69211C4CD8000CB32F /* AvenirLTStd-Light.otf in Resources */,
				486FDD702119AEF500EA0188 /* Info.plist in Resources */,
				5C14CA83211C48D300B06E29 /* Setting.storyboard in Resources */,
			);
			runOnlyForDeploymentPostprocessing = 0;
		};
/* End PBXResourcesBuildPhase section */

/* Begin PBXShellScriptBuildPhase section */
		39D7E653670212E419281921 /* [CP] Check Pods Manifest.lock */ = {
			isa = PBXShellScriptBuildPhase;
			buildActionMask = 2147483647;
			files = (
			);
			inputPaths = (
				"${PODS_PODFILE_DIR_PATH}/Podfile.lock",
				"${PODS_ROOT}/Manifest.lock",
			);
			name = "[CP] Check Pods Manifest.lock";
			outputPaths = (
				"$(DERIVED_FILE_DIR)/Pods-TheBayaApp-checkManifestLockResult.txt",
			);
			runOnlyForDeploymentPostprocessing = 0;
			shellPath = /bin/sh;
			shellScript = "diff \"${PODS_PODFILE_DIR_PATH}/Podfile.lock\" \"${PODS_ROOT}/Manifest.lock\" > /dev/null\nif [ $? != 0 ] ; then\n    # print error to STDERR\n    echo \"error: The sandbox is not in sync with the Podfile.lock. Run 'pod install' or update your CocoaPods installation.\" >&2\n    exit 1\nfi\n# This output is used by Xcode 'outputs' to avoid re-running this script phase.\necho \"SUCCESS\" > \"${SCRIPT_OUTPUT_FILE_0}\"\n";
			showEnvVarsInLog = 0;
		};
		68DF06806F97FE88BB413AA1 /* [CP] Embed Pods Frameworks */ = {
			isa = PBXShellScriptBuildPhase;
			buildActionMask = 2147483647;
			files = (
			);
			inputPaths = (
				"${SRCROOT}/Pods/Target Support Files/Pods-TheBayaApp/Pods-TheBayaApp-frameworks.sh",
				"${BUILT_PRODUCTS_DIR}/Alamofire/Alamofire.framework",
				"${BUILT_PRODUCTS_DIR}/BFRImageViewer/BFRImageViewer.framework",
				"${BUILT_PRODUCTS_DIR}/CTPanoramaView/CTPanoramaView.framework",
				"${BUILT_PRODUCTS_DIR}/DACircularProgress/DACircularProgress.framework",
				"${BUILT_PRODUCTS_DIR}/FLAnimatedImage/FLAnimatedImage.framework",
				"${BUILT_PRODUCTS_DIR}/IQKeyboardManagerSwift/IQKeyboardManagerSwift.framework",
				"${BUILT_PRODUCTS_DIR}/PINCache/PINCache.framework",
				"${BUILT_PRODUCTS_DIR}/PINOperation/PINOperation.framework",
				"${BUILT_PRODUCTS_DIR}/PINRemoteImage/PINRemoteImage.framework",
				"${BUILT_PRODUCTS_DIR}/SDWebImage/SDWebImage.framework",
			);
			name = "[CP] Embed Pods Frameworks";
			outputPaths = (
				"${TARGET_BUILD_DIR}/${FRAMEWORKS_FOLDER_PATH}/Alamofire.framework",
				"${TARGET_BUILD_DIR}/${FRAMEWORKS_FOLDER_PATH}/BFRImageViewer.framework",
				"${TARGET_BUILD_DIR}/${FRAMEWORKS_FOLDER_PATH}/CTPanoramaView.framework",
				"${TARGET_BUILD_DIR}/${FRAMEWORKS_FOLDER_PATH}/DACircularProgress.framework",
				"${TARGET_BUILD_DIR}/${FRAMEWORKS_FOLDER_PATH}/FLAnimatedImage.framework",
				"${TARGET_BUILD_DIR}/${FRAMEWORKS_FOLDER_PATH}/IQKeyboardManagerSwift.framework",
				"${TARGET_BUILD_DIR}/${FRAMEWORKS_FOLDER_PATH}/PINCache.framework",
				"${TARGET_BUILD_DIR}/${FRAMEWORKS_FOLDER_PATH}/PINOperation.framework",
				"${TARGET_BUILD_DIR}/${FRAMEWORKS_FOLDER_PATH}/PINRemoteImage.framework",
				"${TARGET_BUILD_DIR}/${FRAMEWORKS_FOLDER_PATH}/SDWebImage.framework",
			);
			runOnlyForDeploymentPostprocessing = 0;
			shellPath = /bin/sh;
			shellScript = "\"${SRCROOT}/Pods/Target Support Files/Pods-TheBayaApp/Pods-TheBayaApp-frameworks.sh\"\n";
			showEnvVarsInLog = 0;
		};
/* End PBXShellScriptBuildPhase section */

/* Begin PBXSourcesBuildPhase section */
		486FDCE32119ADBC00EA0188 /* Sources */ = {
			isa = PBXSourcesBuildPhase;
			buildActionMask = 2147483647;
			files = (
				486FDD672119AEF500EA0188 /* ExtensionUIViewController.swift in Sources */,
				5CDE13FC2119B89A00B11AA5 /* ExtensionUIFont.swift in Sources */,
				5CD763F9211D51EA00C267AB /* HomeViewController.swift in Sources */,
				486FDD582119AEF500EA0188 /* ExtensionDouble.swift in Sources */,
				486FDD6A2119AEF500EA0188 /* Localization.swift in Sources */,
				5C14CA81211C079800B06E29 /* ResetPwdViewController.swift in Sources */,
				486FDD542119AEF500EA0188 /* ExetensionFloat.swift in Sources */,
				486FDD562119AEF500EA0188 /* ExtensionDate.swift in Sources */,
				5C1E61592122E59F0090308D /* EditProfileViewController.swift in Sources */,
				5CF50BAC212182AC002FDAB8 /* TimeLineImgCollCell.swift in Sources */,
				5CD763FD211DB8F700C267AB /* MIGenericProgressView.swift in Sources */,
				5CDE13F72119B7BE00B11AA5 /* MIGenericView.swift in Sources */,
				5CD76401211DC07E00C267AB /* ProjectViewController.swift in Sources */,
				5CF34B9F212D494E001901B1 /* TimeLineUpdateTblCell_ipad.swift in Sources */,
				5C8D5B9221258AFA0080193A /* AmmenitiesCollCell.swift in Sources */,
				486FDD4C2119AEF500EA0188 /* MIPopUpOverlay.swift in Sources */,
				5CEE6A4B212D8A1B0066017A /* TimelineImgZoomViewController_ipad.swift in Sources */,
				5C1E614E2122C22C0090308D /* NotificationTblCell.swift in Sources */,
				5CF50BB02121B019002FDAB8 /* FilterView.swift in Sources */,
				486FDD462119AEF500EA0188 /* APIRequest.swift in Sources */,
				486FDD4F2119AEF500EA0188 /* AutoLayout.swift in Sources */,
				5C4DC5372127E43200C69ACF /* RateYoorVisitViewController.swift in Sources */,
				5C1E61642122F7C40090308D /* ProfileTblCell.swift in Sources */,
				486FDD612119AEF500EA0188 /* ExtensionUIImageView.swift in Sources */,
				486FDD552119AEF500EA0188 /* ExtensionArray.swift in Sources */,
				486FDD692119AEF500EA0188 /* MIKeyboardManager.swift in Sources */,
				5CF50BAA21218244002FDAB8 /* TimeLineUpdateTblCell.swift in Sources */,
				5C1E616C212312920090308D /* VisitDetailTblCell.swift in Sources */,
				5CDE14162119BFBD00B11AA5 /* LoginViewController.swift in Sources */,
				5C14CA8A211C7A9B00B06E29 /* TabbarViewController.swift in Sources */,
				5C1E616A21230EEC0090308D /* VisitDetailsViewController.swift in Sources */,
				486FDD4B2119AEF500EA0188 /* MILoader.swift in Sources */,
				486FDD5A2119AEF500EA0188 /* ExtensionNSObject.swift in Sources */,
				5C1E615D2122EE6C0090308D /* CMSViewController.swift in Sources */,
				486FDD5C2119AEF500EA0188 /* ExtensionUIApplication.swift in Sources */,
				5CEE6A4D212D8AFF0066017A /* TimeLineZoomImgCollCell_ipad.swift in Sources */,
				486FDD5E2119AEF500EA0188 /* ExtensionUIButton.swift in Sources */,
				5C8D5B8C21258AA90080193A /* PlanTypeCollCell.swift in Sources */,
				5C4DC5392127EC1F00C69ACF /* TutorialCollCell.swift in Sources */,
				5C1E615B2122EC8B0090308D /* SupportViewController.swift in Sources */,
				486FDD482119AEF500EA0188 /* ApplicationConstants.swift in Sources */,
				5C8D5B982125941C0080193A /* LocationDescTblCell.swift in Sources */,
				5CDE13FA2119B7BE00B11AA5 /* MIGenericTextView.swift in Sources */,
				486FDD4E2119AEF500EA0188 /* MIToastAlert.swift in Sources */,
				5C14CA86211C7A7700B06E29 /* TabBarView.swift in Sources */,
				486FDD602119AEF500EA0188 /* ExtensionUIImage.swift in Sources */,
				486FDD492119AEF500EA0188 /* ApplicationMessages.swift in Sources */,
				486FDD592119AEF500EA0188 /* ExtensionInt.swift in Sources */,
				486FDD6E2119AEF500EA0188 /* AppDelegate.swift in Sources */,
				5C8D5B8A21258A8D0080193A /* LocationAdvantagesCollCell.swift in Sources */,
				5C73A13F211B26320056FC65 /* VerificationViewController.swift in Sources */,
				5C8D5B9021258ADC0080193A /* OverViewCollCell.swift in Sources */,
				5C42C8CE211AC53500907DBB /* ParentViewController.swift in Sources */,
				5CF34BA3212D60C2001901B1 /* TimeLineUpdateTextTblCell_ipad.swift in Sources */,
				5C1E61572122DED20090308D /* ChangePasswordViewController.swift in Sources */,
				486FDD642119AEF500EA0188 /* ExtensionUITextField.swift in Sources */,
				486FDD662119AEF500EA0188 /* ExtensionUIView.swift in Sources */,
				5C14CA7F211C049100B06E29 /* ForgotPwdViewController.swift in Sources */,
				5C8D5B8E21258AC60080193A /* FloorPlansImgCollCell.swift in Sources */,
				5CFCAAA9212C145500717C10 /* ProjectImageCollCell.swift in Sources */,
				486FDD6C2119AEF500EA0188 /* TheBayaApp.xcdatamodeld in Sources */,
				5C1E61682123068B0090308D /* SubscribedTblCell.swift in Sources */,
				5C1E61512122D7A80090308D /* SettingViewController.swift in Sources */,
				5C4DC53B2127EC3500C69ACF /* TutorialViewController.swift in Sources */,
				5C475D7A212ADFA800125A19 /* Zoom3DImageViewController.swift in Sources */,
				5C48FB652128585800B0D6CB /* SellAllLocationTblCell.swift in Sources */,
				5C1E614721229D210090308D /* ScheduleVisitViewController.swift in Sources */,
				5C8D5B9421258B190080193A /* SpecificationTblCell.swift in Sources */,
				5CFCAAA7212BF00B00717C10 /* TimeLineSubscribeTblCell.swift in Sources */,
				5C48FB672128588D00B0D6CB /* SeeAllLocationAdvantagesViewController.swift in Sources */,
				5C4DC53D2127F79200C69ACF /* ExtensionUITableView.swift in Sources */,
				486FDD622119AEF500EA0188 /* ExtensionUINavigationController.swift in Sources */,
				5CDE141C2119C7C400B11AA5 /* MIInputControllerValidation.swift in Sources */,
				486FDD472119AEF500EA0188 /* ApplicationConfig.swift in Sources */,
				486FDD502119AEF500EA0188 /* CoreData.swift in Sources */,
				486FDD5F2119AEF500EA0188 /* ExtensionUIColor.swift in Sources */,
				486FDD532119AEF500EA0188 /* FetchResultController+Extension.swift in Sources */,
				5CF34BA5212D6B85001901B1 /* TimeLineUpdateUrlTblCell_ipad.swift in Sources */,
				5CD763FB211D62B200C267AB /* HomeCollCell.swift in Sources */,
				5C8D5B9621258B380080193A /* ConfigurationTblCell.swift in Sources */,
				486FDD682119AEF500EA0188 /* ExtensionURL.swift in Sources */,
				486FDD6D2119AEF500EA0188 /* SwiftyJSON.swift in Sources */,
				5CD763FF211DBF5700C267AB /* TimelineDetailViewController.swift in Sources */,
				5C8D5B7C212582030080193A /* ProjectDetailViewController.swift in Sources */,
				486FDD522119AEF500EA0188 /* CoreDataObject+Extension.swift in Sources */,
				5C42C8D0211ACD6E00907DBB /* SignUpViewController.swift in Sources */,
				5C1E614C2122BCFE0090308D /* MIGenericPageControlView.swift in Sources */,
				5C1E61662123054C0090308D /* SubscribedProjectViewController.swift in Sources */,
				486FDD512119AEF500EA0188 /* CoreDataContext+Extension.swift in Sources */,
				486FDD5D2119AEF500EA0188 /* ExtensionUIBarButtonItem.swift in Sources */,
				5CD76415211DC6F900C267AB /* ProjectTblCell.swift in Sources */,
				5C1E61492122BBD00090308D /* NotificationViewController.swift in Sources */,
				5C189C0C21253911001B72C5 /* FloatRatingView.swift in Sources */,
				5CDE13F82119B7BE00B11AA5 /* MIGenericTextField.swift in Sources */,
				486FDD572119AEF500EA0188 /* ExtensionDictionary.swift in Sources */,
				486FDD5B2119AEF500EA0188 /* ExtensionString.swift in Sources */,
				5CDE13F62119B7BE00B11AA5 /* MIGenericButton.swift in Sources */,
				5CDE13F92119B7BE00B11AA5 /* MIGenericLabel.swift in Sources */,
				5C48FB63212851B000B0D6CB /* SeeAllAmenitiesViewController.swift in Sources */,
				5C1E61532122D9D50090308D /* SettingTblCell.swift in Sources */,
				486FDD6B2119AEF500EA0188 /* MasterConstant.swift in Sources */,
				5CF50BA821215EEB002FDAB8 /* SubscribedProjectCollCell.swift in Sources */,
				5C1E61622122F3C10090308D /* ProfileViewController.swift in Sources */,
				486FDD632119AEF500EA0188 /* ExtensionUIResponder.swift in Sources */,
				486FDD652119AEF500EA0188 /* ExtensionUITextView.swift in Sources */,
			);
			runOnlyForDeploymentPostprocessing = 0;
		};
/* End PBXSourcesBuildPhase section */

/* Begin PBXVariantGroup section */
		486FDCEE2119ADBC00EA0188 /* Main.storyboard */ = {
			isa = PBXVariantGroup;
			children = (
				486FDCEF2119ADBC00EA0188 /* Base */,
			);
			name = Main.storyboard;
			sourceTree = "<group>";
		};
		486FDCF62119ADBD00EA0188 /* LaunchScreen.storyboard */ = {
			isa = PBXVariantGroup;
			children = (
				486FDCF72119ADBD00EA0188 /* Base */,
			);
			name = LaunchScreen.storyboard;
			sourceTree = "<group>";
		};
/* End PBXVariantGroup section */

/* Begin XCBuildConfiguration section */
		486FDCFA2119ADBD00EA0188 /* Debug */ = {
			isa = XCBuildConfiguration;
			buildSettings = {
				ALWAYS_SEARCH_USER_PATHS = NO;
				CLANG_ANALYZER_NONNULL = YES;
				CLANG_ANALYZER_NUMBER_OBJECT_CONVERSION = YES_AGGRESSIVE;
				CLANG_CXX_LANGUAGE_STANDARD = "gnu++14";
				CLANG_CXX_LIBRARY = "libc++";
				CLANG_ENABLE_MODULES = YES;
				CLANG_ENABLE_OBJC_ARC = YES;
				CLANG_ENABLE_OBJC_WEAK = YES;
				CLANG_WARN_BLOCK_CAPTURE_AUTORELEASING = YES;
				CLANG_WARN_BOOL_CONVERSION = YES;
				CLANG_WARN_COMMA = YES;
				CLANG_WARN_CONSTANT_CONVERSION = YES;
				CLANG_WARN_DEPRECATED_OBJC_IMPLEMENTATIONS = YES;
				CLANG_WARN_DIRECT_OBJC_ISA_USAGE = YES_ERROR;
				CLANG_WARN_DOCUMENTATION_COMMENTS = YES;
				CLANG_WARN_EMPTY_BODY = YES;
				CLANG_WARN_ENUM_CONVERSION = YES;
				CLANG_WARN_INFINITE_RECURSION = YES;
				CLANG_WARN_INT_CONVERSION = YES;
				CLANG_WARN_NON_LITERAL_NULL_CONVERSION = YES;
				CLANG_WARN_OBJC_IMPLICIT_RETAIN_SELF = YES;
				CLANG_WARN_OBJC_LITERAL_CONVERSION = YES;
				CLANG_WARN_OBJC_ROOT_CLASS = YES_ERROR;
				CLANG_WARN_RANGE_LOOP_ANALYSIS = YES;
				CLANG_WARN_STRICT_PROTOTYPES = YES;
				CLANG_WARN_SUSPICIOUS_MOVE = YES;
				CLANG_WARN_UNGUARDED_AVAILABILITY = YES_AGGRESSIVE;
				CLANG_WARN_UNREACHABLE_CODE = YES;
				CLANG_WARN__DUPLICATE_METHOD_MATCH = YES;
				CODE_SIGN_IDENTITY = "iPhone Developer";
				COPY_PHASE_STRIP = NO;
				DEBUG_INFORMATION_FORMAT = dwarf;
				ENABLE_STRICT_OBJC_MSGSEND = YES;
				ENABLE_TESTABILITY = YES;
				GCC_C_LANGUAGE_STANDARD = gnu11;
				GCC_DYNAMIC_NO_PIC = NO;
				GCC_NO_COMMON_BLOCKS = YES;
				GCC_OPTIMIZATION_LEVEL = 0;
				GCC_PREPROCESSOR_DEFINITIONS = (
					"DEBUG=1",
					"$(inherited)",
				);
				GCC_WARN_64_TO_32_BIT_CONVERSION = YES;
				GCC_WARN_ABOUT_RETURN_TYPE = YES_ERROR;
				GCC_WARN_UNDECLARED_SELECTOR = YES;
				GCC_WARN_UNINITIALIZED_AUTOS = YES_AGGRESSIVE;
				GCC_WARN_UNUSED_FUNCTION = YES;
				GCC_WARN_UNUSED_VARIABLE = YES;
				IPHONEOS_DEPLOYMENT_TARGET = 10.0;
				MTL_ENABLE_DEBUG_INFO = YES;
				ONLY_ACTIVE_ARCH = YES;
				SDKROOT = iphoneos;
				SWIFT_ACTIVE_COMPILATION_CONDITIONS = DEBUG;
				SWIFT_OPTIMIZATION_LEVEL = "-Onone";
			};
			name = Debug;
		};
		486FDCFB2119ADBD00EA0188 /* Release */ = {
			isa = XCBuildConfiguration;
			buildSettings = {
				ALWAYS_SEARCH_USER_PATHS = NO;
				CLANG_ANALYZER_NONNULL = YES;
				CLANG_ANALYZER_NUMBER_OBJECT_CONVERSION = YES_AGGRESSIVE;
				CLANG_CXX_LANGUAGE_STANDARD = "gnu++14";
				CLANG_CXX_LIBRARY = "libc++";
				CLANG_ENABLE_MODULES = YES;
				CLANG_ENABLE_OBJC_ARC = YES;
				CLANG_ENABLE_OBJC_WEAK = YES;
				CLANG_WARN_BLOCK_CAPTURE_AUTORELEASING = YES;
				CLANG_WARN_BOOL_CONVERSION = YES;
				CLANG_WARN_COMMA = YES;
				CLANG_WARN_CONSTANT_CONVERSION = YES;
				CLANG_WARN_DEPRECATED_OBJC_IMPLEMENTATIONS = YES;
				CLANG_WARN_DIRECT_OBJC_ISA_USAGE = YES_ERROR;
				CLANG_WARN_DOCUMENTATION_COMMENTS = YES;
				CLANG_WARN_EMPTY_BODY = YES;
				CLANG_WARN_ENUM_CONVERSION = YES;
				CLANG_WARN_INFINITE_RECURSION = YES;
				CLANG_WARN_INT_CONVERSION = YES;
				CLANG_WARN_NON_LITERAL_NULL_CONVERSION = YES;
				CLANG_WARN_OBJC_IMPLICIT_RETAIN_SELF = YES;
				CLANG_WARN_OBJC_LITERAL_CONVERSION = YES;
				CLANG_WARN_OBJC_ROOT_CLASS = YES_ERROR;
				CLANG_WARN_RANGE_LOOP_ANALYSIS = YES;
				CLANG_WARN_STRICT_PROTOTYPES = YES;
				CLANG_WARN_SUSPICIOUS_MOVE = YES;
				CLANG_WARN_UNGUARDED_AVAILABILITY = YES_AGGRESSIVE;
				CLANG_WARN_UNREACHABLE_CODE = YES;
				CLANG_WARN__DUPLICATE_METHOD_MATCH = YES;
				CODE_SIGN_IDENTITY = "iPhone Developer";
				COPY_PHASE_STRIP = NO;
				DEBUG_INFORMATION_FORMAT = "dwarf-with-dsym";
				ENABLE_NS_ASSERTIONS = NO;
				ENABLE_STRICT_OBJC_MSGSEND = YES;
				GCC_C_LANGUAGE_STANDARD = gnu11;
				GCC_NO_COMMON_BLOCKS = YES;
				GCC_WARN_64_TO_32_BIT_CONVERSION = YES;
				GCC_WARN_ABOUT_RETURN_TYPE = YES_ERROR;
				GCC_WARN_UNDECLARED_SELECTOR = YES;
				GCC_WARN_UNINITIALIZED_AUTOS = YES_AGGRESSIVE;
				GCC_WARN_UNUSED_FUNCTION = YES;
				GCC_WARN_UNUSED_VARIABLE = YES;
				IPHONEOS_DEPLOYMENT_TARGET = 10.0;
				MTL_ENABLE_DEBUG_INFO = NO;
				SDKROOT = iphoneos;
				SWIFT_COMPILATION_MODE = wholemodule;
				SWIFT_OPTIMIZATION_LEVEL = "-O";
				VALIDATE_PRODUCT = YES;
			};
			name = Release;
		};
		486FDCFD2119ADBD00EA0188 /* Debug */ = {
			isa = XCBuildConfiguration;
			baseConfigurationReference = 45DA2FFAD3BD2F8FB55C31C8 /* Pods-TheBayaApp.debug.xcconfig */;
			buildSettings = {
				ASSETCATALOG_COMPILER_APPICON_NAME = AppIcon;
				CODE_SIGN_IDENTITY = "iPhone Developer";
				CODE_SIGN_STYLE = Manual;
				DEVELOPMENT_TEAM = 7224G6JACN;
				INFOPLIST_FILE = /Volumes/Project/XCODEPROJECTS/TheBayaApp/TheBayaApp/AppGeneralFiles/Info.plist;
				IPHONEOS_DEPLOYMENT_TARGET = 9.0;
				LD_RUNPATH_SEARCH_PATHS = (
					"$(inherited)",
					"@executable_path/Frameworks",
				);
				PRODUCT_BUNDLE_IDENTIFIER = com.mind.TheBayaApp;
				PRODUCT_NAME = "$(TARGET_NAME)";
				PROVISIONING_PROFILE = "1c74b054-5eb5-497a-af17-7381ee416537";
				PROVISIONING_PROFILE_SPECIFIER = "MIAccount2Development 2 Feb 2018";
				SWIFT_VERSION = 4.0;
				TARGETED_DEVICE_FAMILY = "1,2";
			};
			name = Debug;
		};
		486FDCFE2119ADBD00EA0188 /* Release */ = {
			isa = XCBuildConfiguration;
			baseConfigurationReference = 8A2BFE689800EFF0A5FC7C8B /* Pods-TheBayaApp.release.xcconfig */;
			buildSettings = {
				ASSETCATALOG_COMPILER_APPICON_NAME = AppIcon;
				CODE_SIGN_IDENTITY = "iPhone Developer";
				CODE_SIGN_STYLE = Manual;
				DEVELOPMENT_TEAM = 7224G6JACN;
				INFOPLIST_FILE = /Volumes/Project/XCODEPROJECTS/TheBayaApp/TheBayaApp/AppGeneralFiles/Info.plist;
				IPHONEOS_DEPLOYMENT_TARGET = 9.0;
				LD_RUNPATH_SEARCH_PATHS = (
					"$(inherited)",
					"@executable_path/Frameworks",
				);
				PRODUCT_BUNDLE_IDENTIFIER = com.mind.TheBayaApp;
				PRODUCT_NAME = "$(TARGET_NAME)";
				PROVISIONING_PROFILE = "1c74b054-5eb5-497a-af17-7381ee416537";
				PROVISIONING_PROFILE_SPECIFIER = "MIAccount2Development 2 Feb 2018";
				SWIFT_VERSION = 4.0;
				TARGETED_DEVICE_FAMILY = "1,2";
			};
			name = Release;
		};
/* End XCBuildConfiguration section */

/* Begin XCConfigurationList section */
		486FDCE22119ADBC00EA0188 /* Build configuration list for PBXProject "TheBayaApp" */ = {
			isa = XCConfigurationList;
			buildConfigurations = (
				486FDCFA2119ADBD00EA0188 /* Debug */,
				486FDCFB2119ADBD00EA0188 /* Release */,
			);
			defaultConfigurationIsVisible = 0;
			defaultConfigurationName = Release;
		};
		486FDCFC2119ADBD00EA0188 /* Build configuration list for PBXNativeTarget "TheBayaApp" */ = {
			isa = XCConfigurationList;
			buildConfigurations = (
				486FDCFD2119ADBD00EA0188 /* Debug */,
				486FDCFE2119ADBD00EA0188 /* Release */,
			);
			defaultConfigurationIsVisible = 0;
			defaultConfigurationName = Release;
		};
/* End XCConfigurationList section */

/* Begin XCVersionGroup section */
		486FDD362119AEF400EA0188 /* TheBayaApp.xcdatamodeld */ = {
			isa = XCVersionGroup;
			children = (
				486FDD372119AEF400EA0188 /* TheBayaApp.xcdatamodel */,
			);
			currentVersion = 486FDD372119AEF400EA0188 /* TheBayaApp.xcdatamodel */;
			path = TheBayaApp.xcdatamodeld;
			sourceTree = "<group>";
			versionGroupType = wrapper.xcdatamodel;
		};
/* End XCVersionGroup section */
	};
	rootObject = 486FDCDF2119ADBC00EA0188 /* Project object */;
}
